{
  "object": {
    "pins": [
      {
        "package": "Alamofire",
        "repositoryURL": "https://github.com/Alamofire/Alamofire.git",
        "state": {
          "branch": "master",
          "revision": "fca036f7aeca07124067cb6e0c12b0ad6359e3d4",
          "version": null
        }
      },
      {
        "package": "AlamofireImage",
        "repositoryURL": "https://github.com/Alamofire/AlamofireImage",
        "state": {
          "branch": "master",
          "revision": "3e8edbeb75227f8542aa87f90240cf0424d6362f",
          "version": null
        }
      }
    ]
  },
  "version": 1
}
