// !$*UTF8*$!
{
	archiveVersion = 1;
	classes = {
	};
	objectVersion = 56;
	objects = {

/* Begin PBXBuildFile section */
		47CC30782A371784001D3F8C /* LoginViewModel.swift in Sources */ = {isa = PBXBuildFile; fileRef = 47CC30772A371784001D3F8C /* LoginViewModel.swift */; };
		47CC307B2A38952A001D3F8C /* BangumiCellUnreadView.swift in Sources */ = {isa = PBXBuildFile; fileRef = 47CC307A2A38952A001D3F8C /* BangumiCellUnreadView.swift */; };
		47CC307D2A389AE7001D3F8C /* BangumiDetailModel.swift in Sources */ = {isa = PBXBuildFile; fileRef = 47CC307C2A389AE7001D3F8C /* BangumiDetailModel.swift */; };
		47CC30802A393E3B001D3F8C /* CachedAsyncImage in Frameworks */ = {isa = PBXBuildFile; productRef = 47CC307F2A393E3B001D3F8C /* CachedAsyncImage */; };
		47E7802B2A397ED900827D03 /* EPCellProgressView.swift in Sources */ = {isa = PBXBuildFile; fileRef = 47E7802A2A397ED900827D03 /* EPCellProgressView.swift */; };
		47E7802D2A39C19000827D03 /* SettingsView.swift in Sources */ = {isa = PBXBuildFile; fileRef = 47E7802C2A39C19000827D03 /* SettingsView.swift */; };
		8627A92C2A34293100A5FCAC /* MyBangumiView.swift in Sources */ = {isa = PBXBuildFile; fileRef = 8627A92B2A34293100A5FCAC /* MyBangumiView.swift */; };
		8627A9302A343CDA00A5FCAC /* LoginView.swift in Sources */ = {isa = PBXBuildFile; fileRef = 8627A92F2A343CDA00A5FCAC /* LoginView.swift */; };
		8627A9322A343D6500A5FCAC /* ServerHandler.swift in Sources */ = {isa = PBXBuildFile; fileRef = 8627A9312A343D6500A5FCAC /* ServerHandler.swift */; };
		8627A9352A343D7B00A5FCAC /* Alamofire in Frameworks */ = {isa = PBXBuildFile; productRef = 8627A9342A343D7B00A5FCAC /* Alamofire */; };
		8627A9372A343DBC00A5FCAC /* SaveHandler.swift in Sources */ = {isa = PBXBuildFile; fileRef = 8627A9362A343DBC00A5FCAC /* SaveHandler.swift */; };
		86436D4B2A389EE200E6936F /* EpisodeDetailModel.swift in Sources */ = {isa = PBXBuildFile; fileRef = 86436D4A2A389EE200E6936F /* EpisodeDetailModel.swift */; };
		86436D4D2A38AE4900E6936F /* EPCellView.swift in Sources */ = {isa = PBXBuildFile; fileRef = 86436D4C2A38AE4900E6936F /* EPCellView.swift */; };
		866727F02A39C775009E0104 /* TVServices.framework in Frameworks */ = {isa = PBXBuildFile; fileRef = 866727EF2A39C775009E0104 /* TVServices.framework */; };
		866727F32A39C776009E0104 /* ContentProvider.swift in Sources */ = {isa = PBXBuildFile; fileRef = 866727F22A39C776009E0104 /* ContentProvider.swift */; };
		866727F72A39C776009E0104 /* topShelf.appex in Embed Foundation Extensions */ = {isa = PBXBuildFile; fileRef = 866727EE2A39C775009E0104 /* topShelf.appex */; settings = {ATTRIBUTES = (RemoveHeadersOnCopy, ); }; };
		866727FC2A39C8B4009E0104 /* ServerHandler.swift in Sources */ = {isa = PBXBuildFile; fileRef = 8627A9312A343D6500A5FCAC /* ServerHandler.swift */; };
		866727FD2A39C8B9009E0104 /* SaveHandler.swift in Sources */ = {isa = PBXBuildFile; fileRef = 8627A9362A343DBC00A5FCAC /* SaveHandler.swift */; };
		866727FE2A39C8BC009E0104 /* LoginViewModel.swift in Sources */ = {isa = PBXBuildFile; fileRef = 47CC30772A371784001D3F8C /* LoginViewModel.swift */; };
		866727FF2A39C8BF009E0104 /* EpisodeDetailModel.swift in Sources */ = {isa = PBXBuildFile; fileRef = 86436D4A2A389EE200E6936F /* EpisodeDetailModel.swift */; };
		866728002A39C8C1009E0104 /* BangumiDetailModel.swift in Sources */ = {isa = PBXBuildFile; fileRef = 47CC307C2A389AE7001D3F8C /* BangumiDetailModel.swift */; };
		866728012A39C8C4009E0104 /* MyBangumiItemModel.swift in Sources */ = {isa = PBXBuildFile; fileRef = 86AD92912A337729008461FF /* MyBangumiItemModel.swift */; };
		866728032A39C904009E0104 /* Alamofire in Frameworks */ = {isa = PBXBuildFile; productRef = 866728022A39C904009E0104 /* Alamofire */; };
		86A9C3E62A3306BC00FD0B44 /* moe_TVApp.swift in Sources */ = {isa = PBXBuildFile; fileRef = 86A9C3E52A3306BC00FD0B44 /* moe_TVApp.swift */; };
		86A9C3E82A3306BC00FD0B44 /* MainView.swift in Sources */ = {isa = PBXBuildFile; fileRef = 86A9C3E72A3306BC00FD0B44 /* MainView.swift */; };
		86A9C3EA2A3306BE00FD0B44 /* Assets.xcassets in Resources */ = {isa = PBXBuildFile; fileRef = 86A9C3E92A3306BE00FD0B44 /* Assets.xcassets */; };
		86A9C3EE2A3306BE00FD0B44 /* Preview Assets.xcassets in Resources */ = {isa = PBXBuildFile; fileRef = 86A9C3ED2A3306BE00FD0B44 /* Preview Assets.xcassets */; };
		86AD92902A33750F008461FF /* BangumiCellView.swift in Sources */ = {isa = PBXBuildFile; fileRef = 86AD928F2A33750F008461FF /* BangumiCellView.swift */; };
		86AD92922A337729008461FF /* MyBangumiItemModel.swift in Sources */ = {isa = PBXBuildFile; fileRef = 86AD92912A337729008461FF /* MyBangumiItemModel.swift */; };
		86AD92982A338D9C008461FF /* BangumiDetailView.swift in Sources */ = {isa = PBXBuildFile; fileRef = 86AD92972A338D9C008461FF /* BangumiDetailView.swift */; };
		86AD929A2A339285008461FF /* BangumiListView.swift in Sources */ = {isa = PBXBuildFile; fileRef = 86AD92992A339285008461FF /* BangumiListView.swift */; };
		86AD92A02A33A540008461FF /* BangumiCellStatusTextView.swift in Sources */ = {isa = PBXBuildFile; fileRef = 86AD929F2A33A540008461FF /* BangumiCellStatusTextView.swift */; };
		86BAC66B2A38BE52001C064F /* VideoPlayerView.swift in Sources */ = {isa = PBXBuildFile; fileRef = 86BAC66A2A38BE52001C064F /* VideoPlayerView.swift */; };
/* End PBXBuildFile section */

/* Begin PBXContainerItemProxy section */
		866727F52A39C776009E0104 /* PBXContainerItemProxy */ = {
			isa = PBXContainerItemProxy;
			containerPortal = 86A9C3DA2A3306BC00FD0B44 /* Project object */;
			proxyType = 1;
			remoteGlobalIDString = 866727ED2A39C775009E0104;
			remoteInfo = topShelf;
		};
/* End PBXContainerItemProxy section */

/* Begin PBXCopyFilesBuildPhase section */
		866727FB2A39C776009E0104 /* Embed Foundation Extensions */ = {
			isa = PBXCopyFilesBuildPhase;
			buildActionMask = 2147483647;
			dstPath = "";
			dstSubfolderSpec = 13;
			files = (
				866727F72A39C776009E0104 /* topShelf.appex in Embed Foundation Extensions */,
			);
			name = "Embed Foundation Extensions";
			runOnlyForDeploymentPostprocessing = 0;
		};
/* End PBXCopyFilesBuildPhase section */

/* Begin PBXFileReference section */
		47CC30772A371784001D3F8C /* LoginViewModel.swift */ = {isa = PBXFileReference; lastKnownFileType = sourcecode.swift; path = LoginViewModel.swift; sourceTree = "<group>"; };
		47CC307A2A38952A001D3F8C /* BangumiCellUnreadView.swift */ = {isa = PBXFileReference; lastKnownFileType = sourcecode.swift; path = BangumiCellUnreadView.swift; sourceTree = "<group>"; };
		47CC307C2A389AE7001D3F8C /* BangumiDetailModel.swift */ = {isa = PBXFileReference; lastKnownFileType = sourcecode.swift; path = BangumiDetailModel.swift; sourceTree = "<group>"; };
		47E7802A2A397ED900827D03 /* EPCellProgressView.swift */ = {isa = PBXFileReference; lastKnownFileType = sourcecode.swift; path = EPCellProgressView.swift; sourceTree = "<group>"; };
		47E7802C2A39C19000827D03 /* SettingsView.swift */ = {isa = PBXFileReference; lastKnownFileType = sourcecode.swift; path = SettingsView.swift; sourceTree = "<group>"; };
		8627A92B2A34293100A5FCAC /* MyBangumiView.swift */ = {isa = PBXFileReference; lastKnownFileType = sourcecode.swift; path = MyBangumiView.swift; sourceTree = "<group>"; };
		8627A92F2A343CDA00A5FCAC /* LoginView.swift */ = {isa = PBXFileReference; lastKnownFileType = sourcecode.swift; path = LoginView.swift; sourceTree = "<group>"; };
		8627A9312A343D6500A5FCAC /* ServerHandler.swift */ = {isa = PBXFileReference; fileEncoding = 4; lastKnownFileType = sourcecode.swift; path = ServerHandler.swift; sourceTree = "<group>"; };
		8627A9362A343DBC00A5FCAC /* SaveHandler.swift */ = {isa = PBXFileReference; lastKnownFileType = sourcecode.swift; path = SaveHandler.swift; sourceTree = "<group>"; };
		86436D4A2A389EE200E6936F /* EpisodeDetailModel.swift */ = {isa = PBXFileReference; lastKnownFileType = sourcecode.swift; path = EpisodeDetailModel.swift; sourceTree = "<group>"; };
		86436D4C2A38AE4900E6936F /* EPCellView.swift */ = {isa = PBXFileReference; lastKnownFileType = sourcecode.swift; path = EPCellView.swift; sourceTree = "<group>"; };
		86436D4F2A38B92100E6936F /* AVKit.framework */ = {isa = PBXFileReference; lastKnownFileType = wrapper.framework; name = AVKit.framework; path = System/iOSSupport/System/Library/Frameworks/AVKit.framework; sourceTree = SDKROOT; };
		866727EE2A39C775009E0104 /* topShelf.appex */ = {isa = PBXFileReference; explicitFileType = "wrapper.app-extension"; includeInIndex = 0; path = topShelf.appex; sourceTree = BUILT_PRODUCTS_DIR; };
		866727EF2A39C775009E0104 /* TVServices.framework */ = {isa = PBXFileReference; lastKnownFileType = wrapper.framework; name = TVServices.framework; path = Library/Frameworks/TVServices.framework; sourceTree = DEVELOPER_DIR; };
		866727F22A39C776009E0104 /* ContentProvider.swift */ = {isa = PBXFileReference; lastKnownFileType = sourcecode.swift; path = ContentProvider.swift; sourceTree = "<group>"; };
		866727F42A39C776009E0104 /* Info.plist */ = {isa = PBXFileReference; lastKnownFileType = text.plist.xml; path = Info.plist; sourceTree = "<group>"; };
		866728042A39CC95009E0104 /* topShelf.entitlements */ = {isa = PBXFileReference; lastKnownFileType = text.plist.entitlements; path = topShelf.entitlements; sourceTree = "<group>"; };
		86A9C3E22A3306BC00FD0B44 /* moe.TV.app */ = {isa = PBXFileReference; explicitFileType = wrapper.application; includeInIndex = 0; path = moe.TV.app; sourceTree = BUILT_PRODUCTS_DIR; };
		86A9C3E52A3306BC00FD0B44 /* moe_TVApp.swift */ = {isa = PBXFileReference; lastKnownFileType = sourcecode.swift; path = moe_TVApp.swift; sourceTree = "<group>"; };
		86A9C3E72A3306BC00FD0B44 /* MainView.swift */ = {isa = PBXFileReference; lastKnownFileType = sourcecode.swift; path = MainView.swift; sourceTree = "<group>"; };
		86A9C3E92A3306BE00FD0B44 /* Assets.xcassets */ = {isa = PBXFileReference; lastKnownFileType = folder.assetcatalog; path = Assets.xcassets; sourceTree = "<group>"; };
		86A9C3EB2A3306BE00FD0B44 /* moe_TV.entitlements */ = {isa = PBXFileReference; lastKnownFileType = text.plist.entitlements; path = moe_TV.entitlements; sourceTree = "<group>"; };
		86A9C3ED2A3306BE00FD0B44 /* Preview Assets.xcassets */ = {isa = PBXFileReference; lastKnownFileType = folder.assetcatalog; path = "Preview Assets.xcassets"; sourceTree = "<group>"; };
		86AD928F2A33750F008461FF /* BangumiCellView.swift */ = {isa = PBXFileReference; lastKnownFileType = sourcecode.swift; path = BangumiCellView.swift; sourceTree = "<group>"; };
		86AD92912A337729008461FF /* MyBangumiItemModel.swift */ = {isa = PBXFileReference; lastKnownFileType = sourcecode.swift; path = MyBangumiItemModel.swift; sourceTree = "<group>"; };
		86AD92942A337DCA008461FF /* moe-TV-Info.plist */ = {isa = PBXFileReference; lastKnownFileType = text.plist.xml; path = "moe-TV-Info.plist"; sourceTree = SOURCE_ROOT; };
		86AD92972A338D9C008461FF /* BangumiDetailView.swift */ = {isa = PBXFileReference; lastKnownFileType = sourcecode.swift; path = BangumiDetailView.swift; sourceTree = "<group>"; };
		86AD92992A339285008461FF /* BangumiListView.swift */ = {isa = PBXFileReference; fileEncoding = 4; lastKnownFileType = sourcecode.swift; path = BangumiListView.swift; sourceTree = "<group>"; };
		86AD929F2A33A540008461FF /* BangumiCellStatusTextView.swift */ = {isa = PBXFileReference; lastKnownFileType = sourcecode.swift; path = BangumiCellStatusTextView.swift; sourceTree = "<group>"; };
		86BAC66A2A38BE52001C064F /* VideoPlayerView.swift */ = {isa = PBXFileReference; lastKnownFileType = sourcecode.swift; path = VideoPlayerView.swift; sourceTree = "<group>"; };
/* End PBXFileReference section */

/* Begin PBXFrameworksBuildPhase section */
		866727EB2A39C775009E0104 /* Frameworks */ = {
			isa = PBXFrameworksBuildPhase;
			buildActionMask = 2147483647;
			files = (
				866727F02A39C775009E0104 /* TVServices.framework in Frameworks */,
				866728032A39C904009E0104 /* Alamofire in Frameworks */,
			);
			runOnlyForDeploymentPostprocessing = 0;
		};
		86A9C3DF2A3306BC00FD0B44 /* Frameworks */ = {
			isa = PBXFrameworksBuildPhase;
			buildActionMask = 2147483647;
			files = (
				8627A9352A343D7B00A5FCAC /* Alamofire in Frameworks */,
				47CC30802A393E3B001D3F8C /* CachedAsyncImage in Frameworks */,
			);
			runOnlyForDeploymentPostprocessing = 0;
		};
/* End PBXFrameworksBuildPhase section */

/* Begin PBXGroup section */
		47CC30762A37156D001D3F8C /* Models */ = {
			isa = PBXGroup;
			children = (
				86AD92912A337729008461FF /* MyBangumiItemModel.swift */,
				47CC307C2A389AE7001D3F8C /* BangumiDetailModel.swift */,
				86436D4A2A389EE200E6936F /* EpisodeDetailModel.swift */,
				47CC30772A371784001D3F8C /* LoginViewModel.swift */,
			);
			path = Models;
			sourceTree = "<group>";
		};
		47CC30792A388A68001D3F8C /* Support Files */ = {
			isa = PBXGroup;
			children = (
				86A9C3EC2A3306BE00FD0B44 /* Preview Content */,
			);
			path = "Support Files";
			sourceTree = "<group>";
		};
		86436D4E2A38B92000E6936F /* Frameworks */ = {
			isa = PBXGroup;
			children = (
				86436D4F2A38B92100E6936F /* AVKit.framework */,
				866727EF2A39C775009E0104 /* TVServices.framework */,
			);
			name = Frameworks;
			sourceTree = "<group>";
		};
		866727F12A39C776009E0104 /* topShelf */ = {
			isa = PBXGroup;
			children = (
				866728042A39CC95009E0104 /* topShelf.entitlements */,
				866727F22A39C776009E0104 /* ContentProvider.swift */,
				866727F42A39C776009E0104 /* Info.plist */,
			);
			path = topShelf;
			sourceTree = "<group>";
		};
		86A9C3D92A3306BC00FD0B44 = {
			isa = PBXGroup;
			children = (
				86A9C3E92A3306BE00FD0B44 /* Assets.xcassets */,
				86AD92942A337DCA008461FF /* moe-TV-Info.plist */,
				86A9C3E42A3306BC00FD0B44 /* moe.TV */,
				866727F12A39C776009E0104 /* topShelf */,
				86A9C3E32A3306BC00FD0B44 /* Products */,
				86436D4E2A38B92000E6936F /* Frameworks */,
			);
			sourceTree = "<group>";
		};
		86A9C3E32A3306BC00FD0B44 /* Products */ = {
			isa = PBXGroup;
			children = (
				86A9C3E22A3306BC00FD0B44 /* moe.TV.app */,
				866727EE2A39C775009E0104 /* topShelf.appex */,
			);
			name = Products;
			sourceTree = "<group>";
		};
		86A9C3E42A3306BC00FD0B44 /* moe.TV */ = {
			isa = PBXGroup;
			children = (
				86A9C3EB2A3306BE00FD0B44 /* moe_TV.entitlements */,
				86A9C3E52A3306BC00FD0B44 /* moe_TVApp.swift */,
				47CC30762A37156D001D3F8C /* Models */,
				8627A9362A343DBC00A5FCAC /* SaveHandler.swift */,
				8627A9312A343D6500A5FCAC /* ServerHandler.swift */,
				86AD92932A337837008461FF /* Views */,
				47CC30792A388A68001D3F8C /* Support Files */,
			);
			path = moe.TV;
			sourceTree = "<group>";
		};
		86A9C3EC2A3306BE00FD0B44 /* Preview Content */ = {
			isa = PBXGroup;
			children = (
				86A9C3ED2A3306BE00FD0B44 /* Preview Assets.xcassets */,
			);
			path = "Preview Content";
			sourceTree = "<group>";
		};
		86AD92932A337837008461FF /* Views */ = {
			isa = PBXGroup;
			children = (
				86A9C3E72A3306BC00FD0B44 /* MainView.swift */,
				8627A92F2A343CDA00A5FCAC /* LoginView.swift */,
				8627A92B2A34293100A5FCAC /* MyBangumiView.swift */,
				86AD92992A339285008461FF /* BangumiListView.swift */,
				86AD928F2A33750F008461FF /* BangumiCellView.swift */,
				86AD929F2A33A540008461FF /* BangumiCellStatusTextView.swift */,
				47CC307A2A38952A001D3F8C /* BangumiCellUnreadView.swift */,
				86AD92972A338D9C008461FF /* BangumiDetailView.swift */,
				86436D4C2A38AE4900E6936F /* EPCellView.swift */,
				47E7802A2A397ED900827D03 /* EPCellProgressView.swift */,
				86BAC66A2A38BE52001C064F /* VideoPlayerView.swift */,
				47E7802C2A39C19000827D03 /* SettingsView.swift */,
			);
			path = Views;
			sourceTree = "<group>";
		};
/* End PBXGroup section */

/* Begin PBXNativeTarget section */
		866727ED2A39C775009E0104 /* topShelf */ = {
			isa = PBXNativeTarget;
			buildConfigurationList = 866727F82A39C776009E0104 /* Build configuration list for PBXNativeTarget "topShelf" */;
			buildPhases = (
				866727EA2A39C775009E0104 /* Sources */,
				866727EB2A39C775009E0104 /* Frameworks */,
				866727EC2A39C775009E0104 /* Resources */,
			);
			buildRules = (
			);
			dependencies = (
			);
			name = topShelf;
			packageProductDependencies = (
				866728022A39C904009E0104 /* Alamofire */,
			);
			productName = topShelf;
			productReference = 866727EE2A39C775009E0104 /* topShelf.appex */;
			productType = "com.apple.product-type.app-extension";
		};
		86A9C3E12A3306BC00FD0B44 /* moe.TV */ = {
			isa = PBXNativeTarget;
			buildConfigurationList = 86A9C3F12A3306BE00FD0B44 /* Build configuration list for PBXNativeTarget "moe.TV" */;
			buildPhases = (
				86A9C3DE2A3306BC00FD0B44 /* Sources */,
				86A9C3DF2A3306BC00FD0B44 /* Frameworks */,
				86A9C3E02A3306BC00FD0B44 /* Resources */,
				866727FB2A39C776009E0104 /* Embed Foundation Extensions */,
			);
			buildRules = (
			);
			dependencies = (
				866727F62A39C776009E0104 /* PBXTargetDependency */,
			);
			name = moe.TV;
			packageProductDependencies = (
				8627A9342A343D7B00A5FCAC /* Alamofire */,
				47CC307F2A393E3B001D3F8C /* CachedAsyncImage */,
			);
			productName = moe.TV;
			productReference = 86A9C3E22A3306BC00FD0B44 /* moe.TV.app */;
			productType = "com.apple.product-type.application";
		};
/* End PBXNativeTarget section */

/* Begin PBXProject section */
		86A9C3DA2A3306BC00FD0B44 /* Project object */ = {
			isa = PBXProject;
			attributes = {
				BuildIndependentTargetsInParallel = 1;
				LastSwiftUpdateCheck = 1420;
				LastUpgradeCheck = 1430;
				TargetAttributes = {
					866727ED2A39C775009E0104 = {
						CreatedOnToolsVersion = 14.2;
					};
					86A9C3E12A3306BC00FD0B44 = {
						CreatedOnToolsVersion = 14.2;
					};
				};
			};
			buildConfigurationList = 86A9C3DD2A3306BC00FD0B44 /* Build configuration list for PBXProject "moe.TV" */;
			compatibilityVersion = "Xcode 14.0";
			developmentRegion = en;
			hasScannedForEncodings = 0;
			knownRegions = (
				en,
				Base,
			);
			mainGroup = 86A9C3D92A3306BC00FD0B44;
			packageReferences = (
				8627A9332A343D7B00A5FCAC /* XCRemoteSwiftPackageReference "Alamofire" */,
				47CC307E2A393E3B001D3F8C /* XCRemoteSwiftPackageReference "swiftui-cached-async-image" */,
			);
			productRefGroup = 86A9C3E32A3306BC00FD0B44 /* Products */;
			projectDirPath = "";
			projectRoot = "";
			targets = (
				86A9C3E12A3306BC00FD0B44 /* moe.TV */,
				866727ED2A39C775009E0104 /* topShelf */,
			);
		};
/* End PBXProject section */

/* Begin PBXResourcesBuildPhase section */
		866727EC2A39C775009E0104 /* Resources */ = {
			isa = PBXResourcesBuildPhase;
			buildActionMask = 2147483647;
			files = (
			);
			runOnlyForDeploymentPostprocessing = 0;
		};
		86A9C3E02A3306BC00FD0B44 /* Resources */ = {
			isa = PBXResourcesBuildPhase;
			buildActionMask = 2147483647;
			files = (
				86A9C3EE2A3306BE00FD0B44 /* Preview Assets.xcassets in Resources */,
				86A9C3EA2A3306BE00FD0B44 /* Assets.xcassets in Resources */,
			);
			runOnlyForDeploymentPostprocessing = 0;
		};
/* End PBXResourcesBuildPhase section */

/* Begin PBXSourcesBuildPhase section */
		866727EA2A39C775009E0104 /* Sources */ = {
			isa = PBXSourcesBuildPhase;
			buildActionMask = 2147483647;
			files = (
				866727FF2A39C8BF009E0104 /* EpisodeDetailModel.swift in Sources */,
				866727FE2A39C8BC009E0104 /* LoginViewModel.swift in Sources */,
				866728002A39C8C1009E0104 /* BangumiDetailModel.swift in Sources */,
				866728012A39C8C4009E0104 /* MyBangumiItemModel.swift in Sources */,
				866727F32A39C776009E0104 /* ContentProvider.swift in Sources */,
				866727FC2A39C8B4009E0104 /* ServerHandler.swift in Sources */,
				866727FD2A39C8B9009E0104 /* SaveHandler.swift in Sources */,
			);
			runOnlyForDeploymentPostprocessing = 0;
		};
		86A9C3DE2A3306BC00FD0B44 /* Sources */ = {
			isa = PBXSourcesBuildPhase;
			buildActionMask = 2147483647;
			files = (
				86A9C3E82A3306BC00FD0B44 /* MainView.swift in Sources */,
				86AD92922A337729008461FF /* MyBangumiItemModel.swift in Sources */,
				8627A9372A343DBC00A5FCAC /* SaveHandler.swift in Sources */,
				86BAC66B2A38BE52001C064F /* VideoPlayerView.swift in Sources */,
				8627A9322A343D6500A5FCAC /* ServerHandler.swift in Sources */,
				47CC307D2A389AE7001D3F8C /* BangumiDetailModel.swift in Sources */,
				86AD92A02A33A540008461FF /* BangumiCellStatusTextView.swift in Sources */,
				8627A92C2A34293100A5FCAC /* MyBangumiView.swift in Sources */,
				86436D4D2A38AE4900E6936F /* EPCellView.swift in Sources */,
				47CC30782A371784001D3F8C /* LoginViewModel.swift in Sources */,
				8627A9302A343CDA00A5FCAC /* LoginView.swift in Sources */,
				86AD929A2A339285008461FF /* BangumiListView.swift in Sources */,
				47E7802B2A397ED900827D03 /* EPCellProgressView.swift in Sources */,
				86436D4B2A389EE200E6936F /* EpisodeDetailModel.swift in Sources */,
				86A9C3E62A3306BC00FD0B44 /* moe_TVApp.swift in Sources */,
				86AD92982A338D9C008461FF /* BangumiDetailView.swift in Sources */,
				86AD92902A33750F008461FF /* BangumiCellView.swift in Sources */,
				47CC307B2A38952A001D3F8C /* BangumiCellUnreadView.swift in Sources */,
				47E7802D2A39C19000827D03 /* SettingsView.swift in Sources */,
			);
			runOnlyForDeploymentPostprocessing = 0;
		};
/* End PBXSourcesBuildPhase section */

/* Begin PBXTargetDependency section */
		866727F62A39C776009E0104 /* PBXTargetDependency */ = {
			isa = PBXTargetDependency;
			target = 866727ED2A39C775009E0104 /* topShelf */;
			targetProxy = 866727F52A39C776009E0104 /* PBXContainerItemProxy */;
		};
/* End PBXTargetDependency section */

/* Begin XCBuildConfiguration section */
		866727F92A39C776009E0104 /* Debug */ = {
			isa = XCBuildConfiguration;
			buildSettings = {
				CODE_SIGN_ENTITLEMENTS = topShelf/topShelf.entitlements;
				CODE_SIGN_IDENTITY = "Apple Development";
				CODE_SIGN_STYLE = Automatic;
				CURRENT_PROJECT_VERSION = 202306142001;
				DEVELOPMENT_TEAM = HR66SGQEZ4;
				GENERATE_INFOPLIST_FILE = YES;
				INFOPLIST_FILE = topShelf/Info.plist;
				INFOPLIST_KEY_CFBundleDisplayName = topShelf;
				INFOPLIST_KEY_NSHumanReadableCopyright = "";
				IPHONEOS_DEPLOYMENT_TARGET = 16.0;
				LD_RUNPATH_SEARCH_PATHS = (
					"$(inherited)",
					"@executable_path/Frameworks",
					"@executable_path/../../Frameworks",
				);
				MACOSX_DEPLOYMENT_TARGET = 12.0;
				MARKETING_VERSION = 1.0;
				PRODUCT_BUNDLE_IDENTIFIER = "net.bi119aTe5hXk.moe-TV.topshelf";
				PRODUCT_NAME = "$(TARGET_NAME)";
				PROVISIONING_PROFILE_SPECIFIER = "";
				SDKROOT = appletvos;
				SKIP_INSTALL = YES;
				SWIFT_EMIT_LOC_STRINGS = YES;
				SWIFT_VERSION = 5.0;
				TARGETED_DEVICE_FAMILY = 3;
				TVOS_DEPLOYMENT_TARGET = 16.0;
				WATCHOS_DEPLOYMENT_TARGET = 9.0;
			};
			name = Debug;
		};
		866727FA2A39C776009E0104 /* Release */ = {
			isa = XCBuildConfiguration;
			buildSettings = {
				CODE_SIGN_ENTITLEMENTS = topShelf/topShelf.entitlements;
				CODE_SIGN_IDENTITY = "Apple Development";
				CODE_SIGN_STYLE = Automatic;
				CURRENT_PROJECT_VERSION = 202306142001;
				DEVELOPMENT_TEAM = HR66SGQEZ4;
				GENERATE_INFOPLIST_FILE = YES;
				INFOPLIST_FILE = topShelf/Info.plist;
				INFOPLIST_KEY_CFBundleDisplayName = topShelf;
				INFOPLIST_KEY_NSHumanReadableCopyright = "";
				IPHONEOS_DEPLOYMENT_TARGET = 16.0;
				LD_RUNPATH_SEARCH_PATHS = (
					"$(inherited)",
					"@executable_path/Frameworks",
					"@executable_path/../../Frameworks",
				);
				MACOSX_DEPLOYMENT_TARGET = 12.0;
				MARKETING_VERSION = 1.0;
				PRODUCT_BUNDLE_IDENTIFIER = "net.bi119aTe5hXk.moe-TV.topshelf";
				PRODUCT_NAME = "$(TARGET_NAME)";
				PROVISIONING_PROFILE_SPECIFIER = "";
				SDKROOT = appletvos;
				SKIP_INSTALL = YES;
				SWIFT_EMIT_LOC_STRINGS = YES;
				SWIFT_VERSION = 5.0;
				TARGETED_DEVICE_FAMILY = 3;
				TVOS_DEPLOYMENT_TARGET = 16.0;
				VALIDATE_PRODUCT = YES;
				WATCHOS_DEPLOYMENT_TARGET = 9.0;
			};
			name = Release;
		};
		86A9C3EF2A3306BE00FD0B44 /* Debug */ = {
			isa = XCBuildConfiguration;
			buildSettings = {
				ALLOW_TARGET_PLATFORM_SPECIALIZATION = YES;
				ALWAYS_SEARCH_USER_PATHS = NO;
				CLANG_ANALYZER_NONNULL = YES;
				CLANG_ANALYZER_NUMBER_OBJECT_CONVERSION = YES_AGGRESSIVE;
				CLANG_CXX_LANGUAGE_STANDARD = "gnu++20";
				CLANG_ENABLE_MODULES = YES;
				CLANG_ENABLE_OBJC_ARC = YES;
				CLANG_ENABLE_OBJC_WEAK = YES;
				CLANG_WARN_BLOCK_CAPTURE_AUTORELEASING = YES;
				CLANG_WARN_BOOL_CONVERSION = YES;
				CLANG_WARN_COMMA = YES;
				CLANG_WARN_CONSTANT_CONVERSION = YES;
				CLANG_WARN_DEPRECATED_OBJC_IMPLEMENTATIONS = YES;
				CLANG_WARN_DIRECT_OBJC_ISA_USAGE = YES_ERROR;
				CLANG_WARN_DOCUMENTATION_COMMENTS = YES;
				CLANG_WARN_EMPTY_BODY = YES;
				CLANG_WARN_ENUM_CONVERSION = YES;
				CLANG_WARN_INFINITE_RECURSION = YES;
				CLANG_WARN_INT_CONVERSION = YES;
				CLANG_WARN_NON_LITERAL_NULL_CONVERSION = YES;
				CLANG_WARN_OBJC_IMPLICIT_RETAIN_SELF = YES;
				CLANG_WARN_OBJC_LITERAL_CONVERSION = YES;
				CLANG_WARN_OBJC_ROOT_CLASS = YES_ERROR;
				CLANG_WARN_QUOTED_INCLUDE_IN_FRAMEWORK_HEADER = YES;
				CLANG_WARN_RANGE_LOOP_ANALYSIS = YES;
				CLANG_WARN_STRICT_PROTOTYPES = YES;
				CLANG_WARN_SUSPICIOUS_MOVE = YES;
				CLANG_WARN_UNGUARDED_AVAILABILITY = YES_AGGRESSIVE;
				CLANG_WARN_UNREACHABLE_CODE = YES;
				CLANG_WARN__DUPLICATE_METHOD_MATCH = YES;
				COPY_PHASE_STRIP = NO;
				DEAD_CODE_STRIPPING = YES;
				DEBUG_INFORMATION_FORMAT = dwarf;
				ENABLE_STRICT_OBJC_MSGSEND = YES;
				ENABLE_TESTABILITY = YES;
				GCC_C_LANGUAGE_STANDARD = gnu11;
				GCC_DYNAMIC_NO_PIC = NO;
				GCC_NO_COMMON_BLOCKS = YES;
				GCC_OPTIMIZATION_LEVEL = 0;
				GCC_PREPROCESSOR_DEFINITIONS = (
					"DEBUG=1",
					"$(inherited)",
				);
				GCC_WARN_64_TO_32_BIT_CONVERSION = YES;
				GCC_WARN_ABOUT_RETURN_TYPE = YES_ERROR;
				GCC_WARN_UNDECLARED_SELECTOR = YES;
				GCC_WARN_UNINITIALIZED_AUTOS = YES_AGGRESSIVE;
				GCC_WARN_UNUSED_FUNCTION = YES;
				GCC_WARN_UNUSED_VARIABLE = YES;
				MTL_ENABLE_DEBUG_INFO = INCLUDE_SOURCE;
				MTL_FAST_MATH = YES;
				ONLY_ACTIVE_ARCH = YES;
				SUPPORTED_PLATFORMS = "watchsimulator watchos macosx iphonesimulator iphoneos driverkit appletvsimulator appletvos";
				SUPPORTS_MACCATALYST = YES;
				SWIFT_ACTIVE_COMPILATION_CONDITIONS = DEBUG;
				SWIFT_INSTALL_OBJC_HEADER = NO;
				SWIFT_OBJC_INTERFACE_HEADER_NAME = "";
				SWIFT_OPTIMIZATION_LEVEL = "-Onone";
				SWIFT_PRECOMPILE_BRIDGING_HEADER = NO;
			};
			name = Debug;
		};
		86A9C3F02A3306BE00FD0B44 /* Release */ = {
			isa = XCBuildConfiguration;
			buildSettings = {
				ALLOW_TARGET_PLATFORM_SPECIALIZATION = YES;
				ALWAYS_SEARCH_USER_PATHS = NO;
				CLANG_ANALYZER_NONNULL = YES;
				CLANG_ANALYZER_NUMBER_OBJECT_CONVERSION = YES_AGGRESSIVE;
				CLANG_CXX_LANGUAGE_STANDARD = "gnu++20";
				CLANG_ENABLE_MODULES = YES;
				CLANG_ENABLE_OBJC_ARC = YES;
				CLANG_ENABLE_OBJC_WEAK = YES;
				CLANG_WARN_BLOCK_CAPTURE_AUTORELEASING = YES;
				CLANG_WARN_BOOL_CONVERSION = YES;
				CLANG_WARN_COMMA = YES;
				CLANG_WARN_CONSTANT_CONVERSION = YES;
				CLANG_WARN_DEPRECATED_OBJC_IMPLEMENTATIONS = YES;
				CLANG_WARN_DIRECT_OBJC_ISA_USAGE = YES_ERROR;
				CLANG_WARN_DOCUMENTATION_COMMENTS = YES;
				CLANG_WARN_EMPTY_BODY = YES;
				CLANG_WARN_ENUM_CONVERSION = YES;
				CLANG_WARN_INFINITE_RECURSION = YES;
				CLANG_WARN_INT_CONVERSION = YES;
				CLANG_WARN_NON_LITERAL_NULL_CONVERSION = YES;
				CLANG_WARN_OBJC_IMPLICIT_RETAIN_SELF = YES;
				CLANG_WARN_OBJC_LITERAL_CONVERSION = YES;
				CLANG_WARN_OBJC_ROOT_CLASS = YES_ERROR;
				CLANG_WARN_QUOTED_INCLUDE_IN_FRAMEWORK_HEADER = YES;
				CLANG_WARN_RANGE_LOOP_ANALYSIS = YES;
				CLANG_WARN_STRICT_PROTOTYPES = YES;
				CLANG_WARN_SUSPICIOUS_MOVE = YES;
				CLANG_WARN_UNGUARDED_AVAILABILITY = YES_AGGRESSIVE;
				CLANG_WARN_UNREACHABLE_CODE = YES;
				CLANG_WARN__DUPLICATE_METHOD_MATCH = YES;
				COPY_PHASE_STRIP = NO;
				DEAD_CODE_STRIPPING = YES;
				DEBUG_INFORMATION_FORMAT = "dwarf-with-dsym";
				ENABLE_NS_ASSERTIONS = NO;
				ENABLE_STRICT_OBJC_MSGSEND = YES;
				GCC_C_LANGUAGE_STANDARD = gnu11;
				GCC_NO_COMMON_BLOCKS = YES;
				GCC_WARN_64_TO_32_BIT_CONVERSION = YES;
				GCC_WARN_ABOUT_RETURN_TYPE = YES_ERROR;
				GCC_WARN_UNDECLARED_SELECTOR = YES;
				GCC_WARN_UNINITIALIZED_AUTOS = YES_AGGRESSIVE;
				GCC_WARN_UNUSED_FUNCTION = YES;
				GCC_WARN_UNUSED_VARIABLE = YES;
				MTL_ENABLE_DEBUG_INFO = NO;
				MTL_FAST_MATH = YES;
				SUPPORTED_PLATFORMS = "watchsimulator watchos macosx iphonesimulator iphoneos driverkit appletvsimulator appletvos";
				SUPPORTS_MACCATALYST = YES;
				SWIFT_COMPILATION_MODE = wholemodule;
				SWIFT_INSTALL_OBJC_HEADER = NO;
				SWIFT_OBJC_INTERFACE_HEADER_NAME = "";
				SWIFT_OPTIMIZATION_LEVEL = "-O";
				SWIFT_PRECOMPILE_BRIDGING_HEADER = NO;
			};
			name = Release;
		};
		86A9C3F22A3306BE00FD0B44 /* Debug */ = {
			isa = XCBuildConfiguration;
			buildSettings = {
				ALLOW_TARGET_PLATFORM_SPECIALIZATION = YES;
				ALWAYS_EMBED_SWIFT_STANDARD_LIBRARIES = YES;
				ASSETCATALOG_COMPILER_APPICON_NAME = AppIcon;
				ASSETCATALOG_COMPILER_GLOBAL_ACCENT_COLOR_NAME = AccentColor;
				ASSETCATALOG_COMPILER_INCLUDE_ALL_APPICON_ASSETS = YES;
				CODE_SIGN_ENTITLEMENTS = moe.TV/moe_TV.entitlements;
				CODE_SIGN_STYLE = Automatic;
				CURRENT_PROJECT_VERSION = 202306142001;
				DEAD_CODE_STRIPPING = YES;
				DEVELOPMENT_ASSET_PATHS = "\"moe.TV/Support Files/Preview Content\"";
				DEVELOPMENT_TEAM = HR66SGQEZ4;
				ENABLE_HARDENED_RUNTIME = YES;
				ENABLE_PREVIEWS = YES;
				FRAMEWORK_SEARCH_PATHS = "$(inherited)";
				GENERATE_INFOPLIST_FILE = YES;
				INFOPLIST_FILE = "moe-TV-Info.plist";
				INFOPLIST_KEY_CFBundleDisplayName = moe.TV;
				INFOPLIST_KEY_LSApplicationCategoryType = "public.app-category.video";
				"INFOPLIST_KEY_UIApplicationSceneManifest_Generation[sdk=iphoneos*]" = YES;
				"INFOPLIST_KEY_UIApplicationSceneManifest_Generation[sdk=iphonesimulator*]" = YES;
				"INFOPLIST_KEY_UIApplicationSupportsIndirectInputEvents[sdk=iphoneos*]" = YES;
				"INFOPLIST_KEY_UIApplicationSupportsIndirectInputEvents[sdk=iphonesimulator*]" = YES;
				"INFOPLIST_KEY_UILaunchScreen_Generation[sdk=iphoneos*]" = YES;
				"INFOPLIST_KEY_UILaunchScreen_Generation[sdk=iphonesimulator*]" = YES;
				"INFOPLIST_KEY_UIStatusBarStyle[sdk=iphoneos*]" = UIStatusBarStyleDefault;
				"INFOPLIST_KEY_UIStatusBarStyle[sdk=iphonesimulator*]" = UIStatusBarStyleDefault;
				INFOPLIST_KEY_UISupportedInterfaceOrientations_iPad = "UIInterfaceOrientationPortrait UIInterfaceOrientationPortraitUpsideDown UIInterfaceOrientationLandscapeLeft UIInterfaceOrientationLandscapeRight";
				INFOPLIST_KEY_UISupportedInterfaceOrientations_iPhone = "UIInterfaceOrientationPortrait UIInterfaceOrientationLandscapeLeft UIInterfaceOrientationLandscapeRight";
				IPHONEOS_DEPLOYMENT_TARGET = 15.0;
				LD_RUNPATH_SEARCH_PATHS = "@executable_path/Frameworks";
				"LD_RUNPATH_SEARCH_PATHS[sdk=macosx*]" = "@executable_path/../Frameworks";
				MACOSX_DEPLOYMENT_TARGET = 12.0;
				MARKETING_VERSION = 1.0;
				PRODUCT_BUNDLE_IDENTIFIER = "net.bi119aTe5hXk.moe-TV";
				PRODUCT_NAME = "$(TARGET_NAME)";
				SDKROOT = auto;
				SUPPORTED_PLATFORMS = "appletvos appletvsimulator iphoneos iphonesimulator macosx";
				SUPPORTS_MACCATALYST = YES;
				SUPPORTS_MAC_DESIGNED_FOR_IPHONE_IPAD = NO;
				SWIFT_EMIT_LOC_STRINGS = YES;
				SWIFT_INSTALL_OBJC_HEADER = NO;
				SWIFT_OBJC_INTERFACE_HEADER_NAME = "";
				SWIFT_PRECOMPILE_BRIDGING_HEADER = NO;
				SWIFT_VERSION = 5.0;
				TARGETED_DEVICE_FAMILY = "1,2,3";
				TVOS_DEPLOYMENT_TARGET = 16.0;
				WATCHOS_DEPLOYMENT_TARGET = 8.0;
			};
			name = Debug;
		};
		86A9C3F32A3306BE00FD0B44 /* Release */ = {
			isa = XCBuildConfiguration;
			buildSettings = {
				ALLOW_TARGET_PLATFORM_SPECIALIZATION = YES;
				ALWAYS_EMBED_SWIFT_STANDARD_LIBRARIES = YES;
				ASSETCATALOG_COMPILER_APPICON_NAME = AppIcon;
				ASSETCATALOG_COMPILER_GLOBAL_ACCENT_COLOR_NAME = AccentColor;
				ASSETCATALOG_COMPILER_INCLUDE_ALL_APPICON_ASSETS = YES;
				CODE_SIGN_ENTITLEMENTS = moe.TV/moe_TV.entitlements;
				CODE_SIGN_STYLE = Automatic;
				CURRENT_PROJECT_VERSION = 202306142001;
				DEAD_CODE_STRIPPING = YES;
				DEVELOPMENT_ASSET_PATHS = "\"moe.TV/Support Files/Preview Content\"";
				DEVELOPMENT_TEAM = HR66SGQEZ4;
				ENABLE_HARDENED_RUNTIME = YES;
				ENABLE_PREVIEWS = YES;
				FRAMEWORK_SEARCH_PATHS = "$(inherited)";
				GENERATE_INFOPLIST_FILE = YES;
				INFOPLIST_FILE = "moe-TV-Info.plist";
				INFOPLIST_KEY_CFBundleDisplayName = moe.TV;
				INFOPLIST_KEY_LSApplicationCategoryType = "public.app-category.video";
				"INFOPLIST_KEY_UIApplicationSceneManifest_Generation[sdk=iphoneos*]" = YES;
				"INFOPLIST_KEY_UIApplicationSceneManifest_Generation[sdk=iphonesimulator*]" = YES;
				"INFOPLIST_KEY_UIApplicationSupportsIndirectInputEvents[sdk=iphoneos*]" = YES;
				"INFOPLIST_KEY_UIApplicationSupportsIndirectInputEvents[sdk=iphonesimulator*]" = YES;
				"INFOPLIST_KEY_UILaunchScreen_Generation[sdk=iphoneos*]" = YES;
				"INFOPLIST_KEY_UILaunchScreen_Generation[sdk=iphonesimulator*]" = YES;
				"INFOPLIST_KEY_UIStatusBarStyle[sdk=iphoneos*]" = UIStatusBarStyleDefault;
				"INFOPLIST_KEY_UIStatusBarStyle[sdk=iphonesimulator*]" = UIStatusBarStyleDefault;
				INFOPLIST_KEY_UISupportedInterfaceOrientations_iPad = "UIInterfaceOrientationPortrait UIInterfaceOrientationPortraitUpsideDown UIInterfaceOrientationLandscapeLeft UIInterfaceOrientationLandscapeRight";
				INFOPLIST_KEY_UISupportedInterfaceOrientations_iPhone = "UIInterfaceOrientationPortrait UIInterfaceOrientationLandscapeLeft UIInterfaceOrientationLandscapeRight";
				IPHONEOS_DEPLOYMENT_TARGET = 15.0;
				LD_RUNPATH_SEARCH_PATHS = "@executable_path/Frameworks";
				"LD_RUNPATH_SEARCH_PATHS[sdk=macosx*]" = "@executable_path/../Frameworks";
				MACOSX_DEPLOYMENT_TARGET = 12.0;
				MARKETING_VERSION = 1.0;
				PRODUCT_BUNDLE_IDENTIFIER = "net.bi119aTe5hXk.moe-TV";
				PRODUCT_NAME = "$(TARGET_NAME)";
				SDKROOT = auto;
				SUPPORTED_PLATFORMS = "appletvos appletvsimulator iphoneos iphonesimulator macosx";
				SUPPORTS_MACCATALYST = YES;
				SUPPORTS_MAC_DESIGNED_FOR_IPHONE_IPAD = NO;
				SWIFT_EMIT_LOC_STRINGS = YES;
				SWIFT_INSTALL_OBJC_HEADER = NO;
				SWIFT_OBJC_INTERFACE_HEADER_NAME = "";
				SWIFT_PRECOMPILE_BRIDGING_HEADER = NO;
				SWIFT_VERSION = 5.0;
				TARGETED_DEVICE_FAMILY = "1,2,3";
				TVOS_DEPLOYMENT_TARGET = 16.0;
				WATCHOS_DEPLOYMENT_TARGET = 8.0;
			};
			name = Release;
		};
/* End XCBuildConfiguration section */

/* Begin XCConfigurationList section */
		866727F82A39C776009E0104 /* Build configuration list for PBXNativeTarget "topShelf" */ = {
			isa = XCConfigurationList;
			buildConfigurations = (
				866727F92A39C776009E0104 /* Debug */,
				866727FA2A39C776009E0104 /* Release */,
			);
			defaultConfigurationIsVisible = 0;
			defaultConfigurationName = Release;
		};
		86A9C3DD2A3306BC00FD0B44 /* Build configuration list for PBXProject "moe.TV" */ = {
			isa = XCConfigurationList;
			buildConfigurations = (
				86A9C3EF2A3306BE00FD0B44 /* Debug */,
				86A9C3F02A3306BE00FD0B44 /* Release */,
			);
			defaultConfigurationIsVisible = 0;
			defaultConfigurationName = Release;
		};
		86A9C3F12A3306BE00FD0B44 /* Build configuration list for PBXNativeTarget "moe.TV" */ = {
			isa = XCConfigurationList;
			buildConfigurations = (
				86A9C3F22A3306BE00FD0B44 /* Debug */,
				86A9C3F32A3306BE00FD0B44 /* Release */,
			);
			defaultConfigurationIsVisible = 0;
			defaultConfigurationName = Release;
		};
/* End XCConfigurationList section */

/* Begin XCRemoteSwiftPackageReference section */
		47CC307E2A393E3B001D3F8C /* XCRemoteSwiftPackageReference "swiftui-cached-async-image" */ = {
			isa = XCRemoteSwiftPackageReference;
			repositoryURL = "https://github.com/lorenzofiamingo/swiftui-cached-async-image";
			requirement = {
				kind = upToNextMajorVersion;
				minimumVersion = 2.0.0;
			};
		};
		8627A9332A343D7B00A5FCAC /* XCRemoteSwiftPackageReference "Alamofire" */ = {
			isa = XCRemoteSwiftPackageReference;
			repositoryURL = "https://github.com/Alamofire/Alamofire.git";
			requirement = {
				branch = master;
				kind = branch;
			};
		};
/* End XCRemoteSwiftPackageReference section */

/* Begin XCSwiftPackageProductDependency section */
		47CC307F2A393E3B001D3F8C /* CachedAsyncImage */ = {
			isa = XCSwiftPackageProductDependency;
			package = 47CC307E2A393E3B001D3F8C /* XCRemoteSwiftPackageReference "swiftui-cached-async-image" */;
			productName = CachedAsyncImage;
		};
		8627A9342A343D7B00A5FCAC /* Alamofire */ = {
			isa = XCSwiftPackageProductDependency;
			package = 8627A9332A343D7B00A5FCAC /* XCRemoteSwiftPackageReference "Alamofire" */;
			productName = Alamofire;
		};
		866728022A39C904009E0104 /* Alamofire */ = {
			isa = XCSwiftPackageProductDependency;
			package = 8627A9332A343D7B00A5FCAC /* XCRemoteSwiftPackageReference "Alamofire" */;
			productName = Alamofire;
		};
/* End XCSwiftPackageProductDependency section */
	};
	rootObject = 86A9C3DA2A3306BC00FD0B44 /* Project object */;
}
