// !$*UTF8*$!
{
	archiveVersion = 1;
	classes = {
	};
	objectVersion = 52;
	objects = {

/* Begin PBXBuildFile section */
		4706FD7F230A871F00094B78 /* TVServices.framework in Frameworks */ = {isa = PBXBuildFile; fileRef = 4706FD7E230A871F00094B78 /* TVServices.framework */; };
		4706FD82230A871F00094B78 /* ContentProvider.swift in Sources */ = {isa = PBXBuildFile; fileRef = 4706FD81230A871F00094B78 /* ContentProvider.swift */; };
		4706FD86230A871F00094B78 /* topshelf.appex in Embed App Extensions */ = {isa = PBXBuildFile; fileRef = 4706FD7C230A871F00094B78 /* topshelf.appex */; settings = {ATTRIBUTES = (RemoveHeadersOnCopy, ); }; };
		471A1E3D231BF4010082F1E0 /* Extensions.swift in Sources */ = {isa = PBXBuildFile; fileRef = 471A1E3C231BF4010082F1E0 /* Extensions.swift */; };
		471BBB16230DBE5D00CD5D73 /* SettingsViewController.swift in Sources */ = {isa = PBXBuildFile; fileRef = 471BBB15230DBE5D00CD5D73 /* SettingsViewController.swift */; };
		471BBB18230DC95E00CD5D73 /* ProxySettingViewController.swift in Sources */ = {isa = PBXBuildFile; fileRef = 471BBB17230DC95E00CD5D73 /* ProxySettingViewController.swift */; };
		47433AE12306C1AC007794E1 /* OnAirListViewController.swift in Sources */ = {isa = PBXBuildFile; fileRef = 47433AE02306C1AC007794E1 /* OnAirListViewController.swift */; };
		4766B1F8230C750700E5828B /* AVFoundation.framework in Frameworks */ = {isa = PBXBuildFile; fileRef = 4766B1F7230C750700E5828B /* AVFoundation.framework */; };
		4766B1FA230C755600E5828B /* AVKit.framework in Frameworks */ = {isa = PBXBuildFile; fileRef = 4766B1F9230C755600E5828B /* AVKit.framework */; };
		4766B1FD230C819100E5828B /* AlamofireImage in Frameworks */ = {isa = PBXBuildFile; productRef = 4766B1FC230C819100E5828B /* AlamofireImage */; settings = {ATTRIBUTES = (Required, ); }; };
		4775A9EE2305C30400B84382 /* BangumiDetailViewController.swift in Sources */ = {isa = PBXBuildFile; fileRef = 4775A9ED2305C30400B84382 /* BangumiDetailViewController.swift */; };
		4775A9F02305C5C400B84382 /* SplitViewController.swift in Sources */ = {isa = PBXBuildFile; fileRef = 4775A9EF2305C5C400B84382 /* SplitViewController.swift */; };
		4775A9F22305C60300B84382 /* TabbarViewController.swift in Sources */ = {isa = PBXBuildFile; fileRef = 4775A9F12305C60300B84382 /* TabbarViewController.swift */; };
		4775A9F62306B3A500B84382 /* SubscriptionListViewController.swift in Sources */ = {isa = PBXBuildFile; fileRef = 4775A9F52306B3A500B84382 /* SubscriptionListViewController.swift */; };
		4775A9FA2306BA1700B84382 /* BangumiCell.swift in Sources */ = {isa = PBXBuildFile; fileRef = 4775A9F92306BA1700B84382 /* BangumiCell.swift */; };
		477749102305AAC6002E2D25 /* Alamofire in Frameworks */ = {isa = PBXBuildFile; productRef = 4777490F2305AAC6002E2D25 /* Alamofire */; settings = {ATTRIBUTES = (Required, ); }; };
		47CB0CB1230E6604008D3034 /* SummaryDetailViewController.swift in Sources */ = {isa = PBXBuildFile; fileRef = 47CB0CB0230E6604008D3034 /* SummaryDetailViewController.swift */; };
		47D4490D230C69F4000F8C6C /* EPCell.swift in Sources */ = {isa = PBXBuildFile; fileRef = 47D4490C230C69F4000F8C6C /* EPCell.swift */; };
		862EE6F4241E28FF004CE585 /* AccountManageViewController.swift in Sources */ = {isa = PBXBuildFile; fileRef = 862EE6F3241E28FF004CE585 /* AccountManageViewController.swift */; };
		862EE6F6241E4E03004CE585 /* SonarrLoginViewController.swift in Sources */ = {isa = PBXBuildFile; fileRef = 862EE6F5241E4E03004CE585 /* SonarrLoginViewController.swift */; };
		862EE6F8241E4E43004CE585 /* AlbireoLogin.xib in Resources */ = {isa = PBXBuildFile; fileRef = 862EE6F7241E4E43004CE585 /* AlbireoLogin.xib */; };
		862EE6FA241E4E55004CE585 /* SonarrLogin.xib in Resources */ = {isa = PBXBuildFile; fileRef = 862EE6F9241E4E55004CE585 /* SonarrLogin.xib */; };
		863CF9F8230594F800CA958F /* ServerHandler.swift in Sources */ = {isa = PBXBuildFile; fileRef = 863CF9F7230594F800CA958F /* ServerHandler.swift */; };
		866553E724345E07006C4F2E /* Alamofire in Frameworks */ = {isa = PBXBuildFile; productRef = 866553E624345E07006C4F2E /* Alamofire */; };
		86924768234F4F3D00B1C667 /* UDkey.swift in Sources */ = {isa = PBXBuildFile; fileRef = 86924767234F4F3D00B1C667 /* UDkey.swift */; };
		8692476A234F4F3D00B1C667 /* UDkey.swift in Sources */ = {isa = PBXBuildFile; fileRef = 86924767234F4F3D00B1C667 /* UDkey.swift */; };
		86C42CBC2348F72B00D482AE /* Assets.xcassets in Resources */ = {isa = PBXBuildFile; fileRef = 86D97C992301CF6E00CF5F03 /* Assets.xcassets */; };
		86D97C912301CF6B00CF5F03 /* AppDelegate.swift in Sources */ = {isa = PBXBuildFile; fileRef = 86D97C902301CF6B00CF5F03 /* AppDelegate.swift */; };
		86D97C982301CF6B00CF5F03 /* Main.storyboard in Resources */ = {isa = PBXBuildFile; fileRef = 86D97C962301CF6B00CF5F03 /* Main.storyboard */; };
		86D97C9A2301CF6E00CF5F03 /* Assets.xcassets in Resources */ = {isa = PBXBuildFile; fileRef = 86D97C992301CF6E00CF5F03 /* Assets.xcassets */; };
		86D97CBE2301CFF800CF5F03 /* SearchResultsViewController.swift in Sources */ = {isa = PBXBuildFile; fileRef = 86D97CBD2301CFF800CF5F03 /* SearchResultsViewController.swift */; };
		86D97CC02301D5F900CF5F03 /* AlbireoLoginViewController.swift in Sources */ = {isa = PBXBuildFile; fileRef = 86D97CBF2301D5F900CF5F03 /* AlbireoLoginViewController.swift */; };
		86FC703B241943E100CC4F2A /* AudioToolbox.framework in Frameworks */ = {isa = PBXBuildFile; fileRef = 86FC703A241943E100CC4F2A /* AudioToolbox.framework */; };
		86FC703E241943F000CC4F2A /* CFNetwork.framework in Frameworks */ = {isa = PBXBuildFile; fileRef = 86FC703D241943F000CC4F2A /* CFNetwork.framework */; };
		86FC7040241943F800CC4F2A /* CoreFoundation.framework in Frameworks */ = {isa = PBXBuildFile; fileRef = 86FC703F241943F800CC4F2A /* CoreFoundation.framework */; };
		86FC70422419440000CC4F2A /* CoreGraphics.framework in Frameworks */ = {isa = PBXBuildFile; fileRef = 86FC70412419440000CC4F2A /* CoreGraphics.framework */; };
		86FC70442419440A00CC4F2A /* CoreMedia.framework in Frameworks */ = {isa = PBXBuildFile; fileRef = 86FC70432419440A00CC4F2A /* CoreMedia.framework */; };
		86FC70462419441200CC4F2A /* CoreText.framework in Frameworks */ = {isa = PBXBuildFile; fileRef = 86FC70452419441200CC4F2A /* CoreText.framework */; };
		86FC70482419441900CC4F2A /* CoreVideo.framework in Frameworks */ = {isa = PBXBuildFile; fileRef = 86FC70472419441900CC4F2A /* CoreVideo.framework */; };
		86FC704A2419442500CC4F2A /* Foundation.framework in Frameworks */ = {isa = PBXBuildFile; fileRef = 86FC70492419442500CC4F2A /* Foundation.framework */; };
		86FC704C2419442C00CC4F2A /* UIKit.framework in Frameworks */ = {isa = PBXBuildFile; fileRef = 86FC704B2419442C00CC4F2A /* UIKit.framework */; };
		86FC704E2419443300CC4F2A /* TVUIKit.framework in Frameworks */ = {isa = PBXBuildFile; fileRef = 86FC704D2419443300CC4F2A /* TVUIKit.framework */; };
		86FC70522419445300CC4F2A /* OpenGLES.framework in Frameworks */ = {isa = PBXBuildFile; fileRef = 86FC70512419445300CC4F2A /* OpenGLES.framework */; };
		86FC70542419445A00CC4F2A /* QuartzCore.framework in Frameworks */ = {isa = PBXBuildFile; fileRef = 86FC70532419445A00CC4F2A /* QuartzCore.framework */; };
		86FC70562419446200CC4F2A /* Security.framework in Frameworks */ = {isa = PBXBuildFile; fileRef = 86FC70552419446200CC4F2A /* Security.framework */; };
		86FC70582419446900CC4F2A /* VideoToolbox.framework in Frameworks */ = {isa = PBXBuildFile; fileRef = 86FC70572419446900CC4F2A /* VideoToolbox.framework */; };
		86FC70F22419674F00CC4F2A /* SubtitlesViewController.swift in Sources */ = {isa = PBXBuildFile; fileRef = 86FC70D82419674E00CC4F2A /* SubtitlesViewController.swift */; };
		86FC70F32419674F00CC4F2A /* AudioViewController.swift in Sources */ = {isa = PBXBuildFile; fileRef = 86FC70D92419674E00CC4F2A /* AudioViewController.swift */; };
		86FC70F42419674F00CC4F2A /* PanelViewController.swift in Sources */ = {isa = PBXBuildFile; fileRef = 86FC70DA2419674E00CC4F2A /* PanelViewController.swift */; };
		86FC70F52419674F00CC4F2A /* SlideAnimatedTransitioner.swift in Sources */ = {isa = PBXBuildFile; fileRef = 86FC70DB2419674E00CC4F2A /* SlideAnimatedTransitioner.swift */; };
		86FC70F62419674F00CC4F2A /* InfoViewController.swift in Sources */ = {isa = PBXBuildFile; fileRef = 86FC70DC2419674E00CC4F2A /* InfoViewController.swift */; };
		86FC70F72419674F00CC4F2A /* GlowingFocusTabBar.swift in Sources */ = {isa = PBXBuildFile; fileRef = 86FC70DD2419674E00CC4F2A /* GlowingFocusTabBar.swift */; };
		86FC70F82419674F00CC4F2A /* VLCMediaPlayer+indexed.swift in Sources */ = {isa = PBXBuildFile; fileRef = 86FC70DF2419674E00CC4F2A /* VLCMediaPlayer+indexed.swift */; };
		86FC70F92419674F00CC4F2A /* SelectableCollection.swift in Sources */ = {isa = PBXBuildFile; fileRef = 86FC70E02419674E00CC4F2A /* SelectableCollection.swift */; };
		86FC70FA2419674F00CC4F2A /* SelectableTableViewCell.swift in Sources */ = {isa = PBXBuildFile; fileRef = 86FC70E12419674E00CC4F2A /* SelectableTableViewCell.swift */; };
		86FC70FB2419674F00CC4F2A /* VLCMediaPlayer+Equalizer.swift in Sources */ = {isa = PBXBuildFile; fileRef = 86FC70E22419674E00CC4F2A /* VLCMediaPlayer+Equalizer.swift */; };
		86FC70FC2419674F00CC4F2A /* VLCMediaPlayer+Delay.swift in Sources */ = {isa = PBXBuildFile; fileRef = 86FC70E32419674E00CC4F2A /* VLCMediaPlayer+Delay.swift */; };
		86FC70FD2419674F00CC4F2A /* SelectorTableViewController.swift in Sources */ = {isa = PBXBuildFile; fileRef = 86FC70E42419674E00CC4F2A /* SelectorTableViewController.swift */; };
		86FC70FE2419674F00CC4F2A /* VLCPlayerViewController.swift in Sources */ = {isa = PBXBuildFile; fileRef = 86FC70E52419674E00CC4F2A /* VLCPlayerViewController.swift */; };
		86FC70FF2419674F00CC4F2A /* RemoteActionPositionController.swift in Sources */ = {isa = PBXBuildFile; fileRef = 86FC70E72419674E00CC4F2A /* RemoteActionPositionController.swift */; };
		86FC71002419674F00CC4F2A /* ScrubbingPositionController.swift in Sources */ = {isa = PBXBuildFile; fileRef = 86FC70E82419674E00CC4F2A /* ScrubbingPositionController.swift */; };
		86FC71012419674F00CC4F2A /* PositionController.swift in Sources */ = {isa = PBXBuildFile; fileRef = 86FC70E92419674E00CC4F2A /* PositionController.swift */; };
		86FC71022419674F00CC4F2A /* TouchGestureRecogniser.swift in Sources */ = {isa = PBXBuildFile; fileRef = 86FC70EB2419674E00CC4F2A /* TouchGestureRecogniser.swift */; };
		86FC71032419674F00CC4F2A /* LongPressGestureRecogniser.swift in Sources */ = {isa = PBXBuildFile; fileRef = 86FC70EC2419674E00CC4F2A /* LongPressGestureRecogniser.swift */; };
		86FC71042419674F00CC4F2A /* ProgressBar.swift in Sources */ = {isa = PBXBuildFile; fileRef = 86FC70EE2419674E00CC4F2A /* ProgressBar.swift */; };
		86FC71052419674F00CC4F2A /* Theme.swift in Sources */ = {isa = PBXBuildFile; fileRef = 86FC70EF2419674E00CC4F2A /* Theme.swift */; };
		86FC71062419674F00CC4F2A /* GradientView.swift in Sources */ = {isa = PBXBuildFile; fileRef = 86FC70F02419674E00CC4F2A /* GradientView.swift */; };
		86FC71072419674F00CC4F2A /* VLC+time.swift in Sources */ = {isa = PBXBuildFile; fileRef = 86FC70F12419674E00CC4F2A /* VLC+time.swift */; };
		86FC710B2419676400CC4F2A /* Images.xcassets in Resources */ = {isa = PBXBuildFile; fileRef = 86FC71092419676400CC4F2A /* Images.xcassets */; };
		86FC710C2419676400CC4F2A /* TVVLCPlayer.storyboard in Resources */ = {isa = PBXBuildFile; fileRef = 86FC710A2419676400CC4F2A /* TVVLCPlayer.storyboard */; };
		86FC7114241A761500CC4F2A /* ServerHandler.swift in Sources */ = {isa = PBXBuildFile; fileRef = 863CF9F7230594F800CA958F /* ServerHandler.swift */; };
		86FC7116241BB15700CC4F2A /* SonarrServiceHandler.swift in Sources */ = {isa = PBXBuildFile; fileRef = 86FC7115241BB15700CC4F2A /* SonarrServiceHandler.swift */; };
		86FC7118241BB17200CC4F2A /* AlbireoServiceHandler.swift in Sources */ = {isa = PBXBuildFile; fileRef = 86FC7117241BB17200CC4F2A /* AlbireoServiceHandler.swift */; };
		BAAA708F80F25A777B36A483 /* Pods_moe_TV.framework in Frameworks */ = {isa = PBXBuildFile; fileRef = 1A582C58B45952594B621D44 /* Pods_moe_TV.framework */; };
/* End PBXBuildFile section */

/* Begin PBXContainerItemProxy section */
		4706FD84230A871F00094B78 /* PBXContainerItemProxy */ = {
			isa = PBXContainerItemProxy;
			containerPortal = 86D97C852301CF6B00CF5F03 /* Project object */;
			proxyType = 1;
			remoteGlobalIDString = 4706FD7B230A871F00094B78;
			remoteInfo = topshelf;
		};
/* End PBXContainerItemProxy section */

/* Begin PBXCopyFilesBuildPhase section */
		4706FD87230A871F00094B78 /* Embed App Extensions */ = {
			isa = PBXCopyFilesBuildPhase;
			buildActionMask = 2147483647;
			dstPath = "";
			dstSubfolderSpec = 13;
			files = (
				4706FD86230A871F00094B78 /* topshelf.appex in Embed App Extensions */,
			);
			name = "Embed App Extensions";
			runOnlyForDeploymentPostprocessing = 0;
		};
/* End PBXCopyFilesBuildPhase section */

/* Begin PBXFileReference section */
		1A582C58B45952594B621D44 /* Pods_moe_TV.framework */ = {isa = PBXFileReference; explicitFileType = wrapper.framework; includeInIndex = 0; path = Pods_moe_TV.framework; sourceTree = BUILT_PRODUCTS_DIR; };
		4706FD7C230A871F00094B78 /* topshelf.appex */ = {isa = PBXFileReference; explicitFileType = "wrapper.app-extension"; includeInIndex = 0; path = topshelf.appex; sourceTree = BUILT_PRODUCTS_DIR; };
		4706FD7E230A871F00094B78 /* TVServices.framework */ = {isa = PBXFileReference; lastKnownFileType = wrapper.framework; name = TVServices.framework; path = System/Library/Frameworks/TVServices.framework; sourceTree = SDKROOT; };
		4706FD81230A871F00094B78 /* ContentProvider.swift */ = {isa = PBXFileReference; lastKnownFileType = sourcecode.swift; path = ContentProvider.swift; sourceTree = "<group>"; };
		4706FD83230A871F00094B78 /* Info.plist */ = {isa = PBXFileReference; lastKnownFileType = text.plist.xml; path = Info.plist; sourceTree = "<group>"; };
		4706FD8E230A9A9600094B78 /* moe.TV.entitlements */ = {isa = PBXFileReference; lastKnownFileType = text.plist.entitlements; path = moe.TV.entitlements; sourceTree = "<group>"; };
		4706FD8F230A9AB200094B78 /* topshelf.entitlements */ = {isa = PBXFileReference; lastKnownFileType = text.plist.entitlements; path = topshelf.entitlements; sourceTree = "<group>"; };
		471A1E3C231BF4010082F1E0 /* Extensions.swift */ = {isa = PBXFileReference; fileEncoding = 4; lastKnownFileType = sourcecode.swift; path = Extensions.swift; sourceTree = "<group>"; };
		471BBB15230DBE5D00CD5D73 /* SettingsViewController.swift */ = {isa = PBXFileReference; lastKnownFileType = sourcecode.swift; path = SettingsViewController.swift; sourceTree = "<group>"; };
		471BBB17230DC95E00CD5D73 /* ProxySettingViewController.swift */ = {isa = PBXFileReference; lastKnownFileType = sourcecode.swift; path = ProxySettingViewController.swift; sourceTree = "<group>"; };
		47433AE02306C1AC007794E1 /* OnAirListViewController.swift */ = {isa = PBXFileReference; lastKnownFileType = sourcecode.swift; path = OnAirListViewController.swift; sourceTree = "<group>"; };
		4766B1F7230C750700E5828B /* AVFoundation.framework */ = {isa = PBXFileReference; lastKnownFileType = wrapper.framework; name = AVFoundation.framework; path = System/Library/Frameworks/AVFoundation.framework; sourceTree = SDKROOT; };
		4766B1F9230C755600E5828B /* AVKit.framework */ = {isa = PBXFileReference; lastKnownFileType = wrapper.framework; name = AVKit.framework; path = System/Library/Frameworks/AVKit.framework; sourceTree = SDKROOT; };
		4775A9ED2305C30400B84382 /* BangumiDetailViewController.swift */ = {isa = PBXFileReference; lastKnownFileType = sourcecode.swift; path = BangumiDetailViewController.swift; sourceTree = "<group>"; };
		4775A9EF2305C5C400B84382 /* SplitViewController.swift */ = {isa = PBXFileReference; lastKnownFileType = sourcecode.swift; path = SplitViewController.swift; sourceTree = "<group>"; };
		4775A9F12305C60300B84382 /* TabbarViewController.swift */ = {isa = PBXFileReference; lastKnownFileType = sourcecode.swift; path = TabbarViewController.swift; sourceTree = "<group>"; };
		4775A9F52306B3A500B84382 /* SubscriptionListViewController.swift */ = {isa = PBXFileReference; lastKnownFileType = sourcecode.swift; path = SubscriptionListViewController.swift; sourceTree = "<group>"; };
		4775A9F92306BA1700B84382 /* BangumiCell.swift */ = {isa = PBXFileReference; fileEncoding = 4; lastKnownFileType = sourcecode.swift; path = BangumiCell.swift; sourceTree = "<group>"; };
		47CB0CB0230E6604008D3034 /* SummaryDetailViewController.swift */ = {isa = PBXFileReference; lastKnownFileType = sourcecode.swift; path = SummaryDetailViewController.swift; sourceTree = "<group>"; };
		47D4490C230C69F4000F8C6C /* EPCell.swift */ = {isa = PBXFileReference; lastKnownFileType = sourcecode.swift; path = EPCell.swift; sourceTree = "<group>"; };
		862EE6F3241E28FF004CE585 /* AccountManageViewController.swift */ = {isa = PBXFileReference; lastKnownFileType = sourcecode.swift; path = AccountManageViewController.swift; sourceTree = "<group>"; };
		862EE6F5241E4E03004CE585 /* SonarrLoginViewController.swift */ = {isa = PBXFileReference; lastKnownFileType = sourcecode.swift; path = SonarrLoginViewController.swift; sourceTree = "<group>"; };
		862EE6F7241E4E43004CE585 /* AlbireoLogin.xib */ = {isa = PBXFileReference; lastKnownFileType = file.xib; path = AlbireoLogin.xib; sourceTree = "<group>"; };
		862EE6F9241E4E55004CE585 /* SonarrLogin.xib */ = {isa = PBXFileReference; lastKnownFileType = file.xib; path = SonarrLogin.xib; sourceTree = "<group>"; };
		863CF9F7230594F800CA958F /* ServerHandler.swift */ = {isa = PBXFileReference; lastKnownFileType = sourcecode.swift; path = ServerHandler.swift; sourceTree = "<group>"; };
		86924767234F4F3D00B1C667 /* UDkey.swift */ = {isa = PBXFileReference; lastKnownFileType = sourcecode.swift; path = UDkey.swift; sourceTree = "<group>"; };
		86C3187C245C39370095BC04 /* TVVLCKit.framework */ = {isa = PBXFileReference; lastKnownFileType = wrapper.framework; name = TVVLCKit.framework; path = Pods/TVVLCKit/TVVLCKit.framework; sourceTree = "<group>"; };
		86D97C8D2301CF6B00CF5F03 /* moeTV.app */ = {isa = PBXFileReference; explicitFileType = wrapper.application; includeInIndex = 0; path = moeTV.app; sourceTree = BUILT_PRODUCTS_DIR; };
		86D97C902301CF6B00CF5F03 /* AppDelegate.swift */ = {isa = PBXFileReference; lastKnownFileType = sourcecode.swift; path = AppDelegate.swift; sourceTree = "<group>"; };
		86D97C972301CF6B00CF5F03 /* Base */ = {isa = PBXFileReference; lastKnownFileType = file.storyboard; name = Base; path = Base.lproj/Main.storyboard; sourceTree = "<group>"; };
		86D97C992301CF6E00CF5F03 /* Assets.xcassets */ = {isa = PBXFileReference; lastKnownFileType = folder.assetcatalog; path = Assets.xcassets; sourceTree = "<group>"; };
		86D97C9B2301CF6E00CF5F03 /* Info.plist */ = {isa = PBXFileReference; lastKnownFileType = text.plist.xml; path = Info.plist; sourceTree = "<group>"; };
		86D97CBD2301CFF800CF5F03 /* SearchResultsViewController.swift */ = {isa = PBXFileReference; lastKnownFileType = sourcecode.swift; path = SearchResultsViewController.swift; sourceTree = "<group>"; };
		86D97CBF2301D5F900CF5F03 /* AlbireoLoginViewController.swift */ = {isa = PBXFileReference; lastKnownFileType = sourcecode.swift; path = AlbireoLoginViewController.swift; sourceTree = "<group>"; };
		86FC7025241933D900CC4F2A /* Bridging-Header.h */ = {isa = PBXFileReference; lastKnownFileType = sourcecode.c.h; path = "Bridging-Header.h"; sourceTree = "<group>"; };
		86FC70362419438200CC4F2A /* TVVLCKit.framework */ = {isa = PBXFileReference; lastKnownFileType = wrapper.framework; name = TVVLCKit.framework; path = Carthage/Build/tvOS/TVVLCKit.framework; sourceTree = "<group>"; };
		86FC703A241943E100CC4F2A /* AudioToolbox.framework */ = {isa = PBXFileReference; lastKnownFileType = wrapper.framework; name = AudioToolbox.framework; path = System/Library/Frameworks/AudioToolbox.framework; sourceTree = SDKROOT; };
		86FC703D241943F000CC4F2A /* CFNetwork.framework */ = {isa = PBXFileReference; lastKnownFileType = wrapper.framework; name = CFNetwork.framework; path = System/Library/Frameworks/CFNetwork.framework; sourceTree = SDKROOT; };
		86FC703F241943F800CC4F2A /* CoreFoundation.framework */ = {isa = PBXFileReference; lastKnownFileType = wrapper.framework; name = CoreFoundation.framework; path = System/Library/Frameworks/CoreFoundation.framework; sourceTree = SDKROOT; };
		86FC70412419440000CC4F2A /* CoreGraphics.framework */ = {isa = PBXFileReference; lastKnownFileType = wrapper.framework; name = CoreGraphics.framework; path = System/Library/Frameworks/CoreGraphics.framework; sourceTree = SDKROOT; };
		86FC70432419440A00CC4F2A /* CoreMedia.framework */ = {isa = PBXFileReference; lastKnownFileType = wrapper.framework; name = CoreMedia.framework; path = System/Library/Frameworks/CoreMedia.framework; sourceTree = SDKROOT; };
		86FC70452419441200CC4F2A /* CoreText.framework */ = {isa = PBXFileReference; lastKnownFileType = wrapper.framework; name = CoreText.framework; path = System/Library/Frameworks/CoreText.framework; sourceTree = SDKROOT; };
		86FC70472419441900CC4F2A /* CoreVideo.framework */ = {isa = PBXFileReference; lastKnownFileType = wrapper.framework; name = CoreVideo.framework; path = System/Library/Frameworks/CoreVideo.framework; sourceTree = SDKROOT; };
		86FC70492419442500CC4F2A /* Foundation.framework */ = {isa = PBXFileReference; lastKnownFileType = wrapper.framework; name = Foundation.framework; path = System/Library/Frameworks/Foundation.framework; sourceTree = SDKROOT; };
		86FC704B2419442C00CC4F2A /* UIKit.framework */ = {isa = PBXFileReference; lastKnownFileType = wrapper.framework; name = UIKit.framework; path = System/Library/Frameworks/UIKit.framework; sourceTree = SDKROOT; };
		86FC704D2419443300CC4F2A /* TVUIKit.framework */ = {isa = PBXFileReference; lastKnownFileType = wrapper.framework; name = TVUIKit.framework; path = System/Library/Frameworks/TVUIKit.framework; sourceTree = SDKROOT; };
		86FC704F2419444000CC4F2A /* libbz2.tbd */ = {isa = PBXFileReference; lastKnownFileType = "sourcecode.text-based-dylib-definition"; name = libbz2.tbd; path = usr/lib/libbz2.tbd; sourceTree = SDKROOT; };
		86FC70502419444A00CC4F2A /* libiconv.tbd */ = {isa = PBXFileReference; lastKnownFileType = "sourcecode.text-based-dylib-definition"; name = libiconv.tbd; path = usr/lib/libiconv.tbd; sourceTree = SDKROOT; };
		86FC70512419445300CC4F2A /* OpenGLES.framework */ = {isa = PBXFileReference; lastKnownFileType = wrapper.framework; name = OpenGLES.framework; path = System/Library/Frameworks/OpenGLES.framework; sourceTree = SDKROOT; };
		86FC70532419445A00CC4F2A /* QuartzCore.framework */ = {isa = PBXFileReference; lastKnownFileType = wrapper.framework; name = QuartzCore.framework; path = System/Library/Frameworks/QuartzCore.framework; sourceTree = SDKROOT; };
		86FC70552419446200CC4F2A /* Security.framework */ = {isa = PBXFileReference; lastKnownFileType = wrapper.framework; name = Security.framework; path = System/Library/Frameworks/Security.framework; sourceTree = SDKROOT; };
		86FC70572419446900CC4F2A /* VideoToolbox.framework */ = {isa = PBXFileReference; lastKnownFileType = wrapper.framework; name = VideoToolbox.framework; path = System/Library/Frameworks/VideoToolbox.framework; sourceTree = SDKROOT; };
		86FC70D82419674E00CC4F2A /* SubtitlesViewController.swift */ = {isa = PBXFileReference; fileEncoding = 4; lastKnownFileType = sourcecode.swift; path = SubtitlesViewController.swift; sourceTree = "<group>"; };
		86FC70D92419674E00CC4F2A /* AudioViewController.swift */ = {isa = PBXFileReference; fileEncoding = 4; lastKnownFileType = sourcecode.swift; path = AudioViewController.swift; sourceTree = "<group>"; };
		86FC70DA2419674E00CC4F2A /* PanelViewController.swift */ = {isa = PBXFileReference; fileEncoding = 4; lastKnownFileType = sourcecode.swift; path = PanelViewController.swift; sourceTree = "<group>"; };
		86FC70DB2419674E00CC4F2A /* SlideAnimatedTransitioner.swift */ = {isa = PBXFileReference; fileEncoding = 4; lastKnownFileType = sourcecode.swift; path = SlideAnimatedTransitioner.swift; sourceTree = "<group>"; };
		86FC70DC2419674E00CC4F2A /* InfoViewController.swift */ = {isa = PBXFileReference; fileEncoding = 4; lastKnownFileType = sourcecode.swift; path = InfoViewController.swift; sourceTree = "<group>"; };
		86FC70DD2419674E00CC4F2A /* GlowingFocusTabBar.swift */ = {isa = PBXFileReference; fileEncoding = 4; lastKnownFileType = sourcecode.swift; path = GlowingFocusTabBar.swift; sourceTree = "<group>"; };
		86FC70DF2419674E00CC4F2A /* VLCMediaPlayer+indexed.swift */ = {isa = PBXFileReference; fileEncoding = 4; lastKnownFileType = sourcecode.swift; path = "VLCMediaPlayer+indexed.swift"; sourceTree = "<group>"; };
		86FC70E02419674E00CC4F2A /* SelectableCollection.swift */ = {isa = PBXFileReference; fileEncoding = 4; lastKnownFileType = sourcecode.swift; path = SelectableCollection.swift; sourceTree = "<group>"; };
		86FC70E12419674E00CC4F2A /* SelectableTableViewCell.swift */ = {isa = PBXFileReference; fileEncoding = 4; lastKnownFileType = sourcecode.swift; path = SelectableTableViewCell.swift; sourceTree = "<group>"; };
		86FC70E22419674E00CC4F2A /* VLCMediaPlayer+Equalizer.swift */ = {isa = PBXFileReference; fileEncoding = 4; lastKnownFileType = sourcecode.swift; path = "VLCMediaPlayer+Equalizer.swift"; sourceTree = "<group>"; };
		86FC70E32419674E00CC4F2A /* VLCMediaPlayer+Delay.swift */ = {isa = PBXFileReference; fileEncoding = 4; lastKnownFileType = sourcecode.swift; path = "VLCMediaPlayer+Delay.swift"; sourceTree = "<group>"; };
		86FC70E42419674E00CC4F2A /* SelectorTableViewController.swift */ = {isa = PBXFileReference; fileEncoding = 4; lastKnownFileType = sourcecode.swift; path = SelectorTableViewController.swift; sourceTree = "<group>"; };
		86FC70E52419674E00CC4F2A /* VLCPlayerViewController.swift */ = {isa = PBXFileReference; fileEncoding = 4; lastKnownFileType = sourcecode.swift; path = VLCPlayerViewController.swift; sourceTree = "<group>"; };
		86FC70E72419674E00CC4F2A /* RemoteActionPositionController.swift */ = {isa = PBXFileReference; fileEncoding = 4; lastKnownFileType = sourcecode.swift; path = RemoteActionPositionController.swift; sourceTree = "<group>"; };
		86FC70E82419674E00CC4F2A /* ScrubbingPositionController.swift */ = {isa = PBXFileReference; fileEncoding = 4; lastKnownFileType = sourcecode.swift; path = ScrubbingPositionController.swift; sourceTree = "<group>"; };
		86FC70E92419674E00CC4F2A /* PositionController.swift */ = {isa = PBXFileReference; fileEncoding = 4; lastKnownFileType = sourcecode.swift; path = PositionController.swift; sourceTree = "<group>"; };
		86FC70EB2419674E00CC4F2A /* TouchGestureRecogniser.swift */ = {isa = PBXFileReference; fileEncoding = 4; lastKnownFileType = sourcecode.swift; path = TouchGestureRecogniser.swift; sourceTree = "<group>"; };
		86FC70EC2419674E00CC4F2A /* LongPressGestureRecogniser.swift */ = {isa = PBXFileReference; fileEncoding = 4; lastKnownFileType = sourcecode.swift; path = LongPressGestureRecogniser.swift; sourceTree = "<group>"; };
		86FC70EE2419674E00CC4F2A /* ProgressBar.swift */ = {isa = PBXFileReference; fileEncoding = 4; lastKnownFileType = sourcecode.swift; path = ProgressBar.swift; sourceTree = "<group>"; };
		86FC70EF2419674E00CC4F2A /* Theme.swift */ = {isa = PBXFileReference; fileEncoding = 4; lastKnownFileType = sourcecode.swift; path = Theme.swift; sourceTree = "<group>"; };
		86FC70F02419674E00CC4F2A /* GradientView.swift */ = {isa = PBXFileReference; fileEncoding = 4; lastKnownFileType = sourcecode.swift; path = GradientView.swift; sourceTree = "<group>"; };
		86FC70F12419674E00CC4F2A /* VLC+time.swift */ = {isa = PBXFileReference; fileEncoding = 4; lastKnownFileType = sourcecode.swift; path = "VLC+time.swift"; sourceTree = "<group>"; };
		86FC71092419676400CC4F2A /* Images.xcassets */ = {isa = PBXFileReference; lastKnownFileType = folder.assetcatalog; path = Images.xcassets; sourceTree = "<group>"; };
		86FC710A2419676400CC4F2A /* TVVLCPlayer.storyboard */ = {isa = PBXFileReference; fileEncoding = 4; lastKnownFileType = file.storyboard; path = TVVLCPlayer.storyboard; sourceTree = "<group>"; };
		86FC7115241BB15700CC4F2A /* SonarrServiceHandler.swift */ = {isa = PBXFileReference; lastKnownFileType = sourcecode.swift; path = SonarrServiceHandler.swift; sourceTree = "<group>"; };
		86FC7117241BB17200CC4F2A /* AlbireoServiceHandler.swift */ = {isa = PBXFileReference; lastKnownFileType = sourcecode.swift; path = AlbireoServiceHandler.swift; sourceTree = "<group>"; };
		D1D7E093FF9F371FF099C4E0 /* Pods-moe.TV.debug.xcconfig */ = {isa = PBXFileReference; includeInIndex = 1; lastKnownFileType = text.xcconfig; name = "Pods-moe.TV.debug.xcconfig"; path = "Target Support Files/Pods-moe.TV/Pods-moe.TV.debug.xcconfig"; sourceTree = "<group>"; };
		D42A4E8AF5C9A2A7AA3DAE8C /* Pods-moe.TV.release.xcconfig */ = {isa = PBXFileReference; includeInIndex = 1; lastKnownFileType = text.xcconfig; name = "Pods-moe.TV.release.xcconfig"; path = "Target Support Files/Pods-moe.TV/Pods-moe.TV.release.xcconfig"; sourceTree = "<group>"; };
/* End PBXFileReference section */

/* Begin PBXFrameworksBuildPhase section */
		4706FD79230A871F00094B78 /* Frameworks */ = {
			isa = PBXFrameworksBuildPhase;
			buildActionMask = 2147483647;
			files = (
				4706FD7F230A871F00094B78 /* TVServices.framework in Frameworks */,
				866553E724345E07006C4F2E /* Alamofire in Frameworks */,
			);
			runOnlyForDeploymentPostprocessing = 0;
		};
		86D97C8A2301CF6B00CF5F03 /* Frameworks */ = {
			isa = PBXFrameworksBuildPhase;
			buildActionMask = 2147483647;
			files = (
				86FC70442419440A00CC4F2A /* CoreMedia.framework in Frameworks */,
				4766B1F8230C750700E5828B /* AVFoundation.framework in Frameworks */,
				86FC7040241943F800CC4F2A /* CoreFoundation.framework in Frameworks */,
				86FC704C2419442C00CC4F2A /* UIKit.framework in Frameworks */,
				86FC70482419441900CC4F2A /* CoreVideo.framework in Frameworks */,
				86FC704A2419442500CC4F2A /* Foundation.framework in Frameworks */,
				86FC703E241943F000CC4F2A /* CFNetwork.framework in Frameworks */,
				86FC70542419445A00CC4F2A /* QuartzCore.framework in Frameworks */,
				4766B1FD230C819100E5828B /* AlamofireImage in Frameworks */,
				477749102305AAC6002E2D25 /* Alamofire in Frameworks */,
				4766B1FA230C755600E5828B /* AVKit.framework in Frameworks */,
				86FC70582419446900CC4F2A /* VideoToolbox.framework in Frameworks */,
				86FC70462419441200CC4F2A /* CoreText.framework in Frameworks */,
				86FC70562419446200CC4F2A /* Security.framework in Frameworks */,
				86FC704E2419443300CC4F2A /* TVUIKit.framework in Frameworks */,
				86FC70422419440000CC4F2A /* CoreGraphics.framework in Frameworks */,
				86FC70522419445300CC4F2A /* OpenGLES.framework in Frameworks */,
				86FC703B241943E100CC4F2A /* AudioToolbox.framework in Frameworks */,
				BAAA708F80F25A777B36A483 /* Pods_moe_TV.framework in Frameworks */,
			);
			runOnlyForDeploymentPostprocessing = 0;
		};
/* End PBXFrameworksBuildPhase section */

/* Begin PBXGroup section */
		10CE0D18EFA6F8E156150DF2 /* Pods */ = {
			isa = PBXGroup;
			children = (
				D1D7E093FF9F371FF099C4E0 /* Pods-moe.TV.debug.xcconfig */,
				D42A4E8AF5C9A2A7AA3DAE8C /* Pods-moe.TV.release.xcconfig */,
			);
			path = Pods;
			sourceTree = "<group>";
		};
		4706FD7D230A871F00094B78 /* Frameworks */ = {
			isa = PBXGroup;
			children = (
				86C3187C245C39370095BC04 /* TVVLCKit.framework */,
				86FC70572419446900CC4F2A /* VideoToolbox.framework */,
				86FC70552419446200CC4F2A /* Security.framework */,
				86FC70532419445A00CC4F2A /* QuartzCore.framework */,
				86FC70512419445300CC4F2A /* OpenGLES.framework */,
				86FC70502419444A00CC4F2A /* libiconv.tbd */,
				86FC704F2419444000CC4F2A /* libbz2.tbd */,
				86FC704D2419443300CC4F2A /* TVUIKit.framework */,
				86FC704B2419442C00CC4F2A /* UIKit.framework */,
				86FC70492419442500CC4F2A /* Foundation.framework */,
				86FC70472419441900CC4F2A /* CoreVideo.framework */,
				86FC70452419441200CC4F2A /* CoreText.framework */,
				86FC70432419440A00CC4F2A /* CoreMedia.framework */,
				86FC70412419440000CC4F2A /* CoreGraphics.framework */,
				86FC703F241943F800CC4F2A /* CoreFoundation.framework */,
				86FC703D241943F000CC4F2A /* CFNetwork.framework */,
				86FC703A241943E100CC4F2A /* AudioToolbox.framework */,
				86FC70362419438200CC4F2A /* TVVLCKit.framework */,
				4766B1F9230C755600E5828B /* AVKit.framework */,
				4766B1F7230C750700E5828B /* AVFoundation.framework */,
				4706FD7E230A871F00094B78 /* TVServices.framework */,
				1A582C58B45952594B621D44 /* Pods_moe_TV.framework */,
			);
			name = Frameworks;
			sourceTree = "<group>";
		};
		4706FD80230A871F00094B78 /* topshelf */ = {
			isa = PBXGroup;
			children = (
				4706FD8F230A9AB200094B78 /* topshelf.entitlements */,
				4706FD81230A871F00094B78 /* ContentProvider.swift */,
				4706FD83230A871F00094B78 /* Info.plist */,
			);
			path = topshelf;
			sourceTree = "<group>";
		};
		471BBB1A230DD47000CD5D73 /* ViewControllers */ = {
			isa = PBXGroup;
			children = (
				471BBB17230DC95E00CD5D73 /* ProxySettingViewController.swift */,
				862EE6F3241E28FF004CE585 /* AccountManageViewController.swift */,
				4775A9EF2305C5C400B84382 /* SplitViewController.swift */,
				4775A9F12305C60300B84382 /* TabbarViewController.swift */,
				4775A9F52306B3A500B84382 /* SubscriptionListViewController.swift */,
				47433AE02306C1AC007794E1 /* OnAirListViewController.swift */,
				4775A9ED2305C30400B84382 /* BangumiDetailViewController.swift */,
				47CB0CB0230E6604008D3034 /* SummaryDetailViewController.swift */,
				471BBB15230DBE5D00CD5D73 /* SettingsViewController.swift */,
				86D97CBD2301CFF800CF5F03 /* SearchResultsViewController.swift */,
			);
			path = ViewControllers;
			sourceTree = "<group>";
		};
		471BBB1B230DD48E00CD5D73 /* Cells */ = {
			isa = PBXGroup;
			children = (
				4775A9F92306BA1700B84382 /* BangumiCell.swift */,
				47D4490C230C69F4000F8C6C /* EPCell.swift */,
			);
			path = Cells;
			sourceTree = "<group>";
		};
		862196F325D6655D009C8963 /* Services */ = {
			isa = PBXGroup;
			children = (
				863CF9F7230594F800CA958F /* ServerHandler.swift */,
				862196F425D6658A009C8963 /* Albireo */,
				862196F525D6659B009C8963 /* Sonarr */,
			);
			path = Services;
			sourceTree = "<group>";
		};
		862196F425D6658A009C8963 /* Albireo */ = {
			isa = PBXGroup;
			children = (
				86FC7117241BB17200CC4F2A /* AlbireoServiceHandler.swift */,
				86D97CBF2301D5F900CF5F03 /* AlbireoLoginViewController.swift */,
				862EE6F7241E4E43004CE585 /* AlbireoLogin.xib */,
			);
			path = Albireo;
			sourceTree = "<group>";
		};
		862196F525D6659B009C8963 /* Sonarr */ = {
			isa = PBXGroup;
			children = (
				862EE6F5241E4E03004CE585 /* SonarrLoginViewController.swift */,
				86FC7115241BB15700CC4F2A /* SonarrServiceHandler.swift */,
				862EE6F9241E4E55004CE585 /* SonarrLogin.xib */,
			);
			path = Sonarr;
			sourceTree = "<group>";
		};
		86D97C842301CF6B00CF5F03 = {
			isa = PBXGroup;
			children = (
				86D97C8F2301CF6B00CF5F03 /* moe.TV */,
				4706FD80230A871F00094B78 /* topshelf */,
				4706FD7D230A871F00094B78 /* Frameworks */,
				86D97C8E2301CF6B00CF5F03 /* Products */,
				10CE0D18EFA6F8E156150DF2 /* Pods */,
			);
			sourceTree = "<group>";
		};
		86D97C8E2301CF6B00CF5F03 /* Products */ = {
			isa = PBXGroup;
			children = (
				86D97C8D2301CF6B00CF5F03 /* moeTV.app */,
				4706FD7C230A871F00094B78 /* topshelf.appex */,
			);
			name = Products;
			sourceTree = "<group>";
		};
		86D97C8F2301CF6B00CF5F03 /* moe.TV */ = {
			isa = PBXGroup;
			children = (
				4706FD8E230A9A9600094B78 /* moe.TV.entitlements */,
				86924767234F4F3D00B1C667 /* UDkey.swift */,
				86D97C902301CF6B00CF5F03 /* AppDelegate.swift */,
				471A1E3C231BF4010082F1E0 /* Extensions.swift */,
				862196F325D6655D009C8963 /* Services */,
				471BBB1B230DD48E00CD5D73 /* Cells */,
				471BBB1A230DD47000CD5D73 /* ViewControllers */,
				86D97C962301CF6B00CF5F03 /* Main.storyboard */,
				86D97C992301CF6E00CF5F03 /* Assets.xcassets */,
				86D97C9B2301CF6E00CF5F03 /* Info.plist */,
				86FC7025241933D900CC4F2A /* Bridging-Header.h */,
				86FC70D62419674E00CC4F2A /* TVVLCPlayer */,
			);
			path = moe.TV;
			sourceTree = "<group>";
		};
		86FC70D62419674E00CC4F2A /* TVVLCPlayer */ = {
			isa = PBXGroup;
			children = (
				86FC71082419676400CC4F2A /* Resources */,
				86FC70D72419674E00CC4F2A /* Panel */,
				86FC70E52419674E00CC4F2A /* VLCPlayerViewController.swift */,
				86FC70E62419674E00CC4F2A /* Position */,
				86FC70EA2419674E00CC4F2A /* Gesture */,
				86FC70ED2419674E00CC4F2A /* Views */,
				86FC70F12419674E00CC4F2A /* VLC+time.swift */,
			);
			path = TVVLCPlayer;
			sourceTree = "<group>";
		};
		86FC70D72419674E00CC4F2A /* Panel */ = {
			isa = PBXGroup;
			children = (
				86FC70D82419674E00CC4F2A /* SubtitlesViewController.swift */,
				86FC70D92419674E00CC4F2A /* AudioViewController.swift */,
				86FC70DA2419674E00CC4F2A /* PanelViewController.swift */,
				86FC70DB2419674E00CC4F2A /* SlideAnimatedTransitioner.swift */,
				86FC70DC2419674E00CC4F2A /* InfoViewController.swift */,
				86FC70DD2419674E00CC4F2A /* GlowingFocusTabBar.swift */,
				86FC70DE2419674E00CC4F2A /* Selection */,
			);
			path = Panel;
			sourceTree = "<group>";
		};
		86FC70DE2419674E00CC4F2A /* Selection */ = {
			isa = PBXGroup;
			children = (
				86FC70DF2419674E00CC4F2A /* VLCMediaPlayer+indexed.swift */,
				86FC70E02419674E00CC4F2A /* SelectableCollection.swift */,
				86FC70E12419674E00CC4F2A /* SelectableTableViewCell.swift */,
				86FC70E22419674E00CC4F2A /* VLCMediaPlayer+Equalizer.swift */,
				86FC70E32419674E00CC4F2A /* VLCMediaPlayer+Delay.swift */,
				86FC70E42419674E00CC4F2A /* SelectorTableViewController.swift */,
			);
			path = Selection;
			sourceTree = "<group>";
		};
		86FC70E62419674E00CC4F2A /* Position */ = {
			isa = PBXGroup;
			children = (
				86FC70E72419674E00CC4F2A /* RemoteActionPositionController.swift */,
				86FC70E82419674E00CC4F2A /* ScrubbingPositionController.swift */,
				86FC70E92419674E00CC4F2A /* PositionController.swift */,
			);
			path = Position;
			sourceTree = "<group>";
		};
		86FC70EA2419674E00CC4F2A /* Gesture */ = {
			isa = PBXGroup;
			children = (
				86FC70EB2419674E00CC4F2A /* TouchGestureRecogniser.swift */,
				86FC70EC2419674E00CC4F2A /* LongPressGestureRecogniser.swift */,
			);
			path = Gesture;
			sourceTree = "<group>";
		};
		86FC70ED2419674E00CC4F2A /* Views */ = {
			isa = PBXGroup;
			children = (
				86FC70EE2419674E00CC4F2A /* ProgressBar.swift */,
				86FC70EF2419674E00CC4F2A /* Theme.swift */,
				86FC70F02419674E00CC4F2A /* GradientView.swift */,
			);
			path = Views;
			sourceTree = "<group>";
		};
		86FC71082419676400CC4F2A /* Resources */ = {
			isa = PBXGroup;
			children = (
				86FC71092419676400CC4F2A /* Images.xcassets */,
				86FC710A2419676400CC4F2A /* TVVLCPlayer.storyboard */,
			);
			path = Resources;
			sourceTree = "<group>";
		};
/* End PBXGroup section */

/* Begin PBXNativeTarget section */
		4706FD7B230A871F00094B78 /* topshelf */ = {
			isa = PBXNativeTarget;
			buildConfigurationList = 4706FD8A230A871F00094B78 /* Build configuration list for PBXNativeTarget "topshelf" */;
			buildPhases = (
				4706FD78230A871F00094B78 /* Sources */,
				4706FD79230A871F00094B78 /* Frameworks */,
				4706FD7A230A871F00094B78 /* Resources */,
			);
			buildRules = (
			);
			dependencies = (
			);
			name = topshelf;
			packageProductDependencies = (
				866553E624345E07006C4F2E /* Alamofire */,
			);
			productName = topshelf;
			productReference = 4706FD7C230A871F00094B78 /* topshelf.appex */;
			productType = "com.apple.product-type.app-extension";
		};
		86D97C8C2301CF6B00CF5F03 /* moe.TV */ = {
			isa = PBXNativeTarget;
			buildConfigurationList = 86D97CB42301CF6E00CF5F03 /* Build configuration list for PBXNativeTarget "moe.TV" */;
			buildPhases = (
				D1D2ADF2143276B4994E5CB3 /* [CP] Check Pods Manifest.lock */,
				86D97C892301CF6B00CF5F03 /* Sources */,
				86D97C8A2301CF6B00CF5F03 /* Frameworks */,
				86D97C8B2301CF6B00CF5F03 /* Resources */,
				4706FD87230A871F00094B78 /* Embed App Extensions */,
			);
			buildRules = (
			);
			dependencies = (
				4706FD85230A871F00094B78 /* PBXTargetDependency */,
			);
			name = moe.TV;
			packageProductDependencies = (
				4777490F2305AAC6002E2D25 /* Alamofire */,
				4766B1FC230C819100E5828B /* AlamofireImage */,
			);
			productName = moe.TV;
			productReference = 86D97C8D2301CF6B00CF5F03 /* moeTV.app */;
			productType = "com.apple.product-type.application";
		};
/* End PBXNativeTarget section */

/* Begin PBXProject section */
		86D97C852301CF6B00CF5F03 /* Project object */ = {
			isa = PBXProject;
			attributes = {
				LastSwiftUpdateCheck = 1100;
				LastUpgradeCheck = 1140;
				ORGANIZATIONNAME = bi119aTe5hXk;
				TargetAttributes = {
					4706FD7B230A871F00094B78 = {
						CreatedOnToolsVersion = 11.0;
					};
					86D97C8C2301CF6B00CF5F03 = {
						CreatedOnToolsVersion = 10.3;
					};
				};
			};
			buildConfigurationList = 86D97C882301CF6B00CF5F03 /* Build configuration list for PBXProject "moe.TV" */;
			compatibilityVersion = "Xcode 3.2";
			developmentRegion = en;
			hasScannedForEncodings = 0;
			knownRegions = (
				en,
				Base,
			);
			mainGroup = 86D97C842301CF6B00CF5F03;
			packageReferences = (
				4777490E2305AAC6002E2D25 /* XCRemoteSwiftPackageReference "Alamofire" */,
				4766B1FB230C819100E5828B /* XCRemoteSwiftPackageReference "AlamofireImage" */,
			);
			productRefGroup = 86D97C8E2301CF6B00CF5F03 /* Products */;
			projectDirPath = "";
			projectRoot = "";
			targets = (
				86D97C8C2301CF6B00CF5F03 /* moe.TV */,
				4706FD7B230A871F00094B78 /* topshelf */,
			);
		};
/* End PBXProject section */

/* Begin PBXResourcesBuildPhase section */
		4706FD7A230A871F00094B78 /* Resources */ = {
			isa = PBXResourcesBuildPhase;
			buildActionMask = 2147483647;
			files = (
				86C42CBC2348F72B00D482AE /* Assets.xcassets in Resources */,
			);
			runOnlyForDeploymentPostprocessing = 0;
		};
		86D97C8B2301CF6B00CF5F03 /* Resources */ = {
			isa = PBXResourcesBuildPhase;
			buildActionMask = 2147483647;
			files = (
				86FC710B2419676400CC4F2A /* Images.xcassets in Resources */,
				862EE6F8241E4E43004CE585 /* AlbireoLogin.xib in Resources */,
				86FC710C2419676400CC4F2A /* TVVLCPlayer.storyboard in Resources */,
				86D97C9A2301CF6E00CF5F03 /* Assets.xcassets in Resources */,
				862EE6FA241E4E55004CE585 /* SonarrLogin.xib in Resources */,
				86D97C982301CF6B00CF5F03 /* Main.storyboard in Resources */,
			);
			runOnlyForDeploymentPostprocessing = 0;
		};
/* End PBXResourcesBuildPhase section */

/* Begin PBXShellScriptBuildPhase section */
		D1D2ADF2143276B4994E5CB3 /* [CP] Check Pods Manifest.lock */ = {
			isa = PBXShellScriptBuildPhase;
			buildActionMask = 2147483647;
			files = (
			);
			inputFileListPaths = (
			);
			inputPaths = (
				"${PODS_PODFILE_DIR_PATH}/Podfile.lock",
				"${PODS_ROOT}/Manifest.lock",
			);
			name = "[CP] Check Pods Manifest.lock";
			outputFileListPaths = (
			);
			outputPaths = (
				"$(DERIVED_FILE_DIR)/Pods-moe.TV-checkManifestLockResult.txt",
			);
			runOnlyForDeploymentPostprocessing = 0;
			shellPath = /bin/sh;
			shellScript = "diff \"${PODS_PODFILE_DIR_PATH}/Podfile.lock\" \"${PODS_ROOT}/Manifest.lock\" > /dev/null\nif [ $? != 0 ] ; then\n    # print error to STDERR\n    echo \"error: The sandbox is not in sync with the Podfile.lock. Run 'pod install' or update your CocoaPods installation.\" >&2\n    exit 1\nfi\n# This output is used by Xcode 'outputs' to avoid re-running this script phase.\necho \"SUCCESS\" > \"${SCRIPT_OUTPUT_FILE_0}\"\n";
			showEnvVarsInLog = 0;
		};
/* End PBXShellScriptBuildPhase section */

/* Begin PBXSourcesBuildPhase section */
		4706FD78230A871F00094B78 /* Sources */ = {
			isa = PBXSourcesBuildPhase;
			buildActionMask = 2147483647;
			files = (
				86FC7114241A761500CC4F2A /* ServerHandler.swift in Sources */,
				4706FD82230A871F00094B78 /* ContentProvider.swift in Sources */,
				8692476A234F4F3D00B1C667 /* UDkey.swift in Sources */,
			);
			runOnlyForDeploymentPostprocessing = 0;
		};
		86D97C892301CF6B00CF5F03 /* Sources */ = {
			isa = PBXSourcesBuildPhase;
			buildActionMask = 2147483647;
			files = (
				86FC71062419674F00CC4F2A /* GradientView.swift in Sources */,
				86FC70F72419674F00CC4F2A /* GlowingFocusTabBar.swift in Sources */,
				4775A9FA2306BA1700B84382 /* BangumiCell.swift in Sources */,
				86FC70FE2419674F00CC4F2A /* VLCPlayerViewController.swift in Sources */,
				4775A9F22305C60300B84382 /* TabbarViewController.swift in Sources */,
				47433AE12306C1AC007794E1 /* OnAirListViewController.swift in Sources */,
				86FC71012419674F00CC4F2A /* PositionController.swift in Sources */,
				86FC70FD2419674F00CC4F2A /* SelectorTableViewController.swift in Sources */,
				4775A9F02305C5C400B84382 /* SplitViewController.swift in Sources */,
				47CB0CB1230E6604008D3034 /* SummaryDetailViewController.swift in Sources */,
				86FC71022419674F00CC4F2A /* TouchGestureRecogniser.swift in Sources */,
				86924768234F4F3D00B1C667 /* UDkey.swift in Sources */,
				86D97CC02301D5F900CF5F03 /* AlbireoLoginViewController.swift in Sources */,
				86FC70FC2419674F00CC4F2A /* VLCMediaPlayer+Delay.swift in Sources */,
				86D97CBE2301CFF800CF5F03 /* SearchResultsViewController.swift in Sources */,
				86FC71072419674F00CC4F2A /* VLC+time.swift in Sources */,
				86D97C912301CF6B00CF5F03 /* AppDelegate.swift in Sources */,
				86FC70F22419674F00CC4F2A /* SubtitlesViewController.swift in Sources */,
				86FC70FB2419674F00CC4F2A /* VLCMediaPlayer+Equalizer.swift in Sources */,
				4775A9F62306B3A500B84382 /* SubscriptionListViewController.swift in Sources */,
				86FC70FA2419674F00CC4F2A /* SelectableTableViewCell.swift in Sources */,
				86FC70F62419674F00CC4F2A /* InfoViewController.swift in Sources */,
				471BBB18230DC95E00CD5D73 /* ProxySettingViewController.swift in Sources */,
				86FC71042419674F00CC4F2A /* ProgressBar.swift in Sources */,
				86FC70F52419674F00CC4F2A /* SlideAnimatedTransitioner.swift in Sources */,
				471A1E3D231BF4010082F1E0 /* Extensions.swift in Sources */,
				86FC71052419674F00CC4F2A /* Theme.swift in Sources */,
				86FC7118241BB17200CC4F2A /* AlbireoServiceHandler.swift in Sources */,
				86FC70FF2419674F00CC4F2A /* RemoteActionPositionController.swift in Sources */,
				862EE6F4241E28FF004CE585 /* AccountManageViewController.swift in Sources */,
				86FC71032419674F00CC4F2A /* LongPressGestureRecogniser.swift in Sources */,
				86FC70F32419674F00CC4F2A /* AudioViewController.swift in Sources */,
				86FC7116241BB15700CC4F2A /* SonarrServiceHandler.swift in Sources */,
				86FC70F92419674F00CC4F2A /* SelectableCollection.swift in Sources */,
				863CF9F8230594F800CA958F /* ServerHandler.swift in Sources */,
				47D4490D230C69F4000F8C6C /* EPCell.swift in Sources */,
				4775A9EE2305C30400B84382 /* BangumiDetailViewController.swift in Sources */,
				86FC71002419674F00CC4F2A /* ScrubbingPositionController.swift in Sources */,
				86FC70F82419674F00CC4F2A /* VLCMediaPlayer+indexed.swift in Sources */,
				471BBB16230DBE5D00CD5D73 /* SettingsViewController.swift in Sources */,
				86FC70F42419674F00CC4F2A /* PanelViewController.swift in Sources */,
				862EE6F6241E4E03004CE585 /* SonarrLoginViewController.swift in Sources */,
			);
			runOnlyForDeploymentPostprocessing = 0;
		};
/* End PBXSourcesBuildPhase section */

/* Begin PBXTargetDependency section */
		4706FD85230A871F00094B78 /* PBXTargetDependency */ = {
			isa = PBXTargetDependency;
			target = 4706FD7B230A871F00094B78 /* topshelf */;
			targetProxy = 4706FD84230A871F00094B78 /* PBXContainerItemProxy */;
		};
/* End PBXTargetDependency section */

/* Begin PBXVariantGroup section */
		86D97C962301CF6B00CF5F03 /* Main.storyboard */ = {
			isa = PBXVariantGroup;
			children = (
				86D97C972301CF6B00CF5F03 /* Base */,
			);
			name = Main.storyboard;
			sourceTree = "<group>";
		};
/* End PBXVariantGroup section */

/* Begin XCBuildConfiguration section */
		4706FD88230A871F00094B78 /* Debug */ = {
			isa = XCBuildConfiguration;
			buildSettings = {
				CLANG_CXX_LANGUAGE_STANDARD = "gnu++0x";
				CODE_SIGN_ENTITLEMENTS = topshelf/topshelf.entitlements;
				CODE_SIGN_STYLE = Automatic;
				CURRENT_PROJECT_VERSION = 202003121534;
				DEVELOPMENT_TEAM = HR66SGQEZ4;
				GCC_C_LANGUAGE_STANDARD = gnu99;
				INFOPLIST_FILE = topshelf/Info.plist;
				IPHONEOS_DEPLOYMENT_TARGET = 13.0;
				LD_RUNPATH_SEARCH_PATHS = (
					"$(inherited)",
					"@executable_path/Frameworks",
					"@executable_path/../../Frameworks",
				);
				MACOSX_DEPLOYMENT_TARGET = 10.15;
				PRODUCT_BUNDLE_IDENTIFIER = "net.bi119aTe5hXk.moe-TV.topshelf";
				PRODUCT_NAME = "$(TARGET_NAME)";
				SKIP_INSTALL = YES;
				SWIFT_VERSION = 5.0;
				TARGETED_DEVICE_FAMILY = 3;
				TVOS_DEPLOYMENT_TARGET = 13.0;
				WATCHOS_DEPLOYMENT_TARGET = 6.0;
			};
			name = Debug;
		};
		4706FD89230A871F00094B78 /* Release */ = {
			isa = XCBuildConfiguration;
			buildSettings = {
				CLANG_CXX_LANGUAGE_STANDARD = "gnu++0x";
				CODE_SIGN_ENTITLEMENTS = topshelf/topshelf.entitlements;
				CODE_SIGN_STYLE = Automatic;
				CURRENT_PROJECT_VERSION = 202003121534;
				DEVELOPMENT_TEAM = HR66SGQEZ4;
				GCC_C_LANGUAGE_STANDARD = gnu99;
				INFOPLIST_FILE = topshelf/Info.plist;
				IPHONEOS_DEPLOYMENT_TARGET = 13.0;
				LD_RUNPATH_SEARCH_PATHS = (
					"$(inherited)",
					"@executable_path/Frameworks",
					"@executable_path/../../Frameworks",
				);
				MACOSX_DEPLOYMENT_TARGET = 10.15;
				PRODUCT_BUNDLE_IDENTIFIER = "net.bi119aTe5hXk.moe-TV.topshelf";
				PRODUCT_NAME = "$(TARGET_NAME)";
				SKIP_INSTALL = YES;
				SWIFT_VERSION = 5.0;
				TARGETED_DEVICE_FAMILY = 3;
				TVOS_DEPLOYMENT_TARGET = 13.0;
				WATCHOS_DEPLOYMENT_TARGET = 6.0;
			};
			name = Release;
		};
		86D97CB22301CF6E00CF5F03 /* Debug */ = {
			isa = XCBuildConfiguration;
			buildSettings = {
				ALWAYS_SEARCH_USER_PATHS = NO;
				CLANG_ANALYZER_NONNULL = YES;
				CLANG_ANALYZER_NUMBER_OBJECT_CONVERSION = YES_AGGRESSIVE;
				CLANG_CXX_LANGUAGE_STANDARD = "gnu++14";
				CLANG_CXX_LIBRARY = "libc++";
				CLANG_ENABLE_MODULES = YES;
				CLANG_ENABLE_OBJC_ARC = YES;
				CLANG_ENABLE_OBJC_WEAK = YES;
				CLANG_WARN_BLOCK_CAPTURE_AUTORELEASING = YES;
				CLANG_WARN_BOOL_CONVERSION = YES;
				CLANG_WARN_COMMA = YES;
				CLANG_WARN_CONSTANT_CONVERSION = YES;
				CLANG_WARN_DEPRECATED_OBJC_IMPLEMENTATIONS = YES;
				CLANG_WARN_DIRECT_OBJC_ISA_USAGE = YES_ERROR;
				CLANG_WARN_DOCUMENTATION_COMMENTS = YES;
				CLANG_WARN_EMPTY_BODY = YES;
				CLANG_WARN_ENUM_CONVERSION = YES;
				CLANG_WARN_INFINITE_RECURSION = YES;
				CLANG_WARN_INT_CONVERSION = YES;
				CLANG_WARN_NON_LITERAL_NULL_CONVERSION = YES;
				CLANG_WARN_OBJC_IMPLICIT_RETAIN_SELF = YES;
				CLANG_WARN_OBJC_LITERAL_CONVERSION = YES;
				CLANG_WARN_OBJC_ROOT_CLASS = YES_ERROR;
				CLANG_WARN_RANGE_LOOP_ANALYSIS = YES;
				CLANG_WARN_STRICT_PROTOTYPES = YES;
				CLANG_WARN_SUSPICIOUS_MOVE = YES;
				CLANG_WARN_UNGUARDED_AVAILABILITY = YES_AGGRESSIVE;
				CLANG_WARN_UNREACHABLE_CODE = YES;
				CLANG_WARN__DUPLICATE_METHOD_MATCH = YES;
				COPY_PHASE_STRIP = NO;
				DEBUG_INFORMATION_FORMAT = dwarf;
				ENABLE_STRICT_OBJC_MSGSEND = YES;
				ENABLE_TESTABILITY = YES;
				GCC_C_LANGUAGE_STANDARD = gnu11;
				GCC_DYNAMIC_NO_PIC = NO;
				GCC_NO_COMMON_BLOCKS = YES;
				GCC_OPTIMIZATION_LEVEL = 0;
				GCC_PREPROCESSOR_DEFINITIONS = (
					"DEBUG=1",
					"$(inherited)",
				);
				GCC_WARN_64_TO_32_BIT_CONVERSION = YES;
				GCC_WARN_ABOUT_RETURN_TYPE = YES_ERROR;
				GCC_WARN_UNDECLARED_SELECTOR = YES;
				GCC_WARN_UNINITIALIZED_AUTOS = YES_AGGRESSIVE;
				GCC_WARN_UNUSED_FUNCTION = YES;
				GCC_WARN_UNUSED_VARIABLE = YES;
				MTL_ENABLE_DEBUG_INFO = INCLUDE_SOURCE;
				MTL_FAST_MATH = YES;
				ONLY_ACTIVE_ARCH = YES;
				SDKROOT = appletvos;
				SWIFT_ACTIVE_COMPILATION_CONDITIONS = DEBUG;
				SWIFT_OPTIMIZATION_LEVEL = "-Onone";
				TVOS_DEPLOYMENT_TARGET = 10.0;
			};
			name = Debug;
		};
		86D97CB32301CF6E00CF5F03 /* Release */ = {
			isa = XCBuildConfiguration;
			buildSettings = {
				ALWAYS_SEARCH_USER_PATHS = NO;
				CLANG_ANALYZER_NONNULL = YES;
				CLANG_ANALYZER_NUMBER_OBJECT_CONVERSION = YES_AGGRESSIVE;
				CLANG_CXX_LANGUAGE_STANDARD = "gnu++14";
				CLANG_CXX_LIBRARY = "libc++";
				CLANG_ENABLE_MODULES = YES;
				CLANG_ENABLE_OBJC_ARC = YES;
				CLANG_ENABLE_OBJC_WEAK = YES;
				CLANG_WARN_BLOCK_CAPTURE_AUTORELEASING = YES;
				CLANG_WARN_BOOL_CONVERSION = YES;
				CLANG_WARN_COMMA = YES;
				CLANG_WARN_CONSTANT_CONVERSION = YES;
				CLANG_WARN_DEPRECATED_OBJC_IMPLEMENTATIONS = YES;
				CLANG_WARN_DIRECT_OBJC_ISA_USAGE = YES_ERROR;
				CLANG_WARN_DOCUMENTATION_COMMENTS = YES;
				CLANG_WARN_EMPTY_BODY = YES;
				CLANG_WARN_ENUM_CONVERSION = YES;
				CLANG_WARN_INFINITE_RECURSION = YES;
				CLANG_WARN_INT_CONVERSION = YES;
				CLANG_WARN_NON_LITERAL_NULL_CONVERSION = YES;
				CLANG_WARN_OBJC_IMPLICIT_RETAIN_SELF = YES;
				CLANG_WARN_OBJC_LITERAL_CONVERSION = YES;
				CLANG_WARN_OBJC_ROOT_CLASS = YES_ERROR;
				CLANG_WARN_RANGE_LOOP_ANALYSIS = YES;
				CLANG_WARN_STRICT_PROTOTYPES = YES;
				CLANG_WARN_SUSPICIOUS_MOVE = YES;
				CLANG_WARN_UNGUARDED_AVAILABILITY = YES_AGGRESSIVE;
				CLANG_WARN_UNREACHABLE_CODE = YES;
				CLANG_WARN__DUPLICATE_METHOD_MATCH = YES;
				COPY_PHASE_STRIP = NO;
				DEBUG_INFORMATION_FORMAT = "dwarf-with-dsym";
				ENABLE_NS_ASSERTIONS = NO;
				ENABLE_STRICT_OBJC_MSGSEND = YES;
				GCC_C_LANGUAGE_STANDARD = gnu11;
				GCC_NO_COMMON_BLOCKS = YES;
				GCC_WARN_64_TO_32_BIT_CONVERSION = YES;
				GCC_WARN_ABOUT_RETURN_TYPE = YES_ERROR;
				GCC_WARN_UNDECLARED_SELECTOR = YES;
				GCC_WARN_UNINITIALIZED_AUTOS = YES_AGGRESSIVE;
				GCC_WARN_UNUSED_FUNCTION = YES;
				GCC_WARN_UNUSED_VARIABLE = YES;
				MTL_ENABLE_DEBUG_INFO = NO;
				MTL_FAST_MATH = YES;
				SDKROOT = appletvos;
				SWIFT_COMPILATION_MODE = wholemodule;
				SWIFT_OPTIMIZATION_LEVEL = "-O";
				TVOS_DEPLOYMENT_TARGET = 10.0;
				VALIDATE_PRODUCT = YES;
			};
			name = Release;
		};
		86D97CB52301CF6E00CF5F03 /* Debug */ = {
			isa = XCBuildConfiguration;
			baseConfigurationReference = D1D7E093FF9F371FF099C4E0 /* Pods-moe.TV.debug.xcconfig */;
			buildSettings = {
				ALWAYS_EMBED_SWIFT_STANDARD_LIBRARIES = YES;
				ASSETCATALOG_COMPILER_APPICON_NAME = IMGAssets;
				ASSETCATALOG_COMPILER_LAUNCHIMAGE_NAME = LaunchImage;
				CODE_SIGN_ENTITLEMENTS = moe.TV/moe.TV.entitlements;
				CODE_SIGN_STYLE = Automatic;
				CURRENT_PROJECT_VERSION = 202003121534;
				DEFINES_MODULE = YES;
				DEVELOPMENT_TEAM = HR66SGQEZ4;
				FRAMEWORK_SEARCH_PATHS = (
					"$(inherited)",
					"$(PROJECT_DIR)/Pods/TVVLCKit",
				);
				INFOPLIST_FILE = moe.TV/Info.plist;
				IPHONEOS_DEPLOYMENT_TARGET = 12.0;
				LD_RUNPATH_SEARCH_PATHS = (
					"$(inherited)",
					"@executable_path/Frameworks",
				);
				MACOSX_DEPLOYMENT_TARGET = 10.13;
				PRODUCT_BUNDLE_IDENTIFIER = "net.bi119aTe5hXk.moe-TV";
				PRODUCT_NAME = moeTV;
				SWIFT_OBJC_BRIDGING_HEADER = "moe.TV/Bridging-Header.h";
				SWIFT_VERSION = 5.0;
				TARGETED_DEVICE_FAMILY = 3;
				TVOS_DEPLOYMENT_TARGET = 10.0;
				WATCHOS_DEPLOYMENT_TARGET = 5.0;
			};
			name = Debug;
		};
		86D97CB62301CF6E00CF5F03 /* Release */ = {
			isa = XCBuildConfiguration;
			baseConfigurationReference = D42A4E8AF5C9A2A7AA3DAE8C /* Pods-moe.TV.release.xcconfig */;
			buildSettings = {
				ALWAYS_EMBED_SWIFT_STANDARD_LIBRARIES = YES;
				ASSETCATALOG_COMPILER_APPICON_NAME = IMGAssets;
				ASSETCATALOG_COMPILER_LAUNCHIMAGE_NAME = LaunchImage;
				CODE_SIGN_ENTITLEMENTS = moe.TV/moe.TV.entitlements;
				CODE_SIGN_STYLE = Automatic;
				CURRENT_PROJECT_VERSION = 202003121534;
				DEFINES_MODULE = YES;
				DEVELOPMENT_TEAM = HR66SGQEZ4;
				FRAMEWORK_SEARCH_PATHS = (
					"$(inherited)",
					"$(PROJECT_DIR)/Pods/TVVLCKit",
				);
				INFOPLIST_FILE = moe.TV/Info.plist;
				IPHONEOS_DEPLOYMENT_TARGET = 12.0;
				LD_RUNPATH_SEARCH_PATHS = (
					"$(inherited)",
					"@executable_path/Frameworks",
				);
				MACOSX_DEPLOYMENT_TARGET = 10.13;
				PRODUCT_BUNDLE_IDENTIFIER = "net.bi119aTe5hXk.moe-TV";
				PRODUCT_NAME = moeTV;
				SWIFT_OBJC_BRIDGING_HEADER = "moe.TV/Bridging-Header.h";
				SWIFT_VERSION = 5.0;
				TARGETED_DEVICE_FAMILY = 3;
				TVOS_DEPLOYMENT_TARGET = 10.0;
				WATCHOS_DEPLOYMENT_TARGET = 5.0;
			};
			name = Release;
		};
/* End XCBuildConfiguration section */

/* Begin XCConfigurationList section */
		4706FD8A230A871F00094B78 /* Build configuration list for PBXNativeTarget "topshelf" */ = {
			isa = XCConfigurationList;
			buildConfigurations = (
				4706FD88230A871F00094B78 /* Debug */,
				4706FD89230A871F00094B78 /* Release */,
			);
			defaultConfigurationIsVisible = 0;
			defaultConfigurationName = Release;
		};
		86D97C882301CF6B00CF5F03 /* Build configuration list for PBXProject "moe.TV" */ = {
			isa = XCConfigurationList;
			buildConfigurations = (
				86D97CB22301CF6E00CF5F03 /* Debug */,
				86D97CB32301CF6E00CF5F03 /* Release */,
			);
			defaultConfigurationIsVisible = 0;
			defaultConfigurationName = Release;
		};
		86D97CB42301CF6E00CF5F03 /* Build configuration list for PBXNativeTarget "moe.TV" */ = {
			isa = XCConfigurationList;
			buildConfigurations = (
				86D97CB52301CF6E00CF5F03 /* Debug */,
				86D97CB62301CF6E00CF5F03 /* Release */,
			);
			defaultConfigurationIsVisible = 0;
			defaultConfigurationName = Release;
		};
/* End XCConfigurationList section */

/* Begin XCRemoteSwiftPackageReference section */
		4766B1FB230C819100E5828B /* XCRemoteSwiftPackageReference "AlamofireImage" */ = {
			isa = XCRemoteSwiftPackageReference;
			repositoryURL = "https://github.com/Alamofire/AlamofireImage";
			requirement = {
				branch = master;
				kind = branch;
			};
		};
		4777490E2305AAC6002E2D25 /* XCRemoteSwiftPackageReference "Alamofire" */ = {
			isa = XCRemoteSwiftPackageReference;
			repositoryURL = "https://github.com/Alamofire/Alamofire.git";
			requirement = {
				branch = master;
				kind = branch;
			};
		};
/* End XCRemoteSwiftPackageReference section */

/* Begin XCSwiftPackageProductDependency section */
		4766B1FC230C819100E5828B /* AlamofireImage */ = {
			isa = XCSwiftPackageProductDependency;
			package = 4766B1FB230C819100E5828B /* XCRemoteSwiftPackageReference "AlamofireImage" */;
			productName = AlamofireImage;
		};
		4777490F2305AAC6002E2D25 /* Alamofire */ = {
			isa = XCSwiftPackageProductDependency;
			package = 4777490E2305AAC6002E2D25 /* XCRemoteSwiftPackageReference "Alamofire" */;
			productName = Alamofire;
		};
		866553E624345E07006C4F2E /* Alamofire */ = {
			isa = XCSwiftPackageProductDependency;
			package = 4777490E2305AAC6002E2D25 /* XCRemoteSwiftPackageReference "Alamofire" */;
			productName = Alamofire;
		};
/* End XCSwiftPackageProductDependency section */
	};
	rootObject = 86D97C852301CF6B00CF5F03 /* Project object */;
}
